PODS:
  - IQKeyboardManagerSwift (6.3.0)
  - SkyFloatingLabelTextField (3.8.0)

DEPENDENCIES:
  - IQKeyboardManagerSwift (= 6.3.0)
  - SkyFloatingLabelTextField (~> 3.0)

SPEC REPOS:
  trunk:
    - IQKeyboardManagerSwift
    - SkyFloatingLabelTextField

SPEC CHECKSUMS:
  IQKeyboardManagerSwift: a8228c257614af98743b4cd8584637025f36358f
  SkyFloatingLabelTextField: 5a338412114808e961fe2d14ea2c5452c8b6e4aa

PODFILE CHECKSUM: 27544692e9345b88e69216e76bc651d38f57dbfb

COCOAPODS: 1.9.1
