// !$*UTF8*$!
{
	archiveVersion = 1;
	classes = {
	};
	objectVersion = 51;
	objects = {

/* Begin PBXBuildFile section */
		1317B81E2460963600AD9AC8 /* MyWorkLocationsViewController.swift in Sources */ = {isa = PBXBuildFile; fileRef = 1317B81D2460963600AD9AC8 /* MyWorkLocationsViewController.swift */; };
		1317B82224609D4700AD9AC8 /* WorkCategories.swift in Sources */ = {isa = PBXBuildFile; fileRef = 1317B82124609D4700AD9AC8 /* WorkCategories.swift */; };
		1317B82424609D6300AD9AC8 /* WorkLocation.swift in Sources */ = {isa = PBXBuildFile; fileRef = 1317B82324609D6300AD9AC8 /* WorkLocation.swift */; };
		1317B8262460A16B00AD9AC8 /* WorkCategoriesCollectionViewCell.swift in Sources */ = {isa = PBXBuildFile; fileRef = 1317B8252460A16B00AD9AC8 /* WorkCategoriesCollectionViewCell.swift */; };
		1317B8282460A42400AD9AC8 /* WorkLocationTableViewCell.swift in Sources */ = {isa = PBXBuildFile; fileRef = 1317B8272460A42400AD9AC8 /* WorkLocationTableViewCell.swift */; };
		1317B82A24630EFA00AD9AC8 /* WhoCanIFollowViewController.swift in Sources */ = {isa = PBXBuildFile; fileRef = 1317B82924630EFA00AD9AC8 /* WhoCanIFollowViewController.swift */; };
		1317B82C2463132D00AD9AC8 /* FollowTableViewCell.swift in Sources */ = {isa = PBXBuildFile; fileRef = 1317B82B2463132D00AD9AC8 /* FollowTableViewCell.swift */; };
		1317B82E2463142900AD9AC8 /* OtherUser.swift in Sources */ = {isa = PBXBuildFile; fileRef = 1317B82D2463142900AD9AC8 /* OtherUser.swift */; };
		1327EB792466A61900BA4805 /* UIButton+Exts.swift in Sources */ = {isa = PBXBuildFile; fileRef = 1327EB782466A61900BA4805 /* UIButton+Exts.swift */; };
		1327EB7B2466A80300BA4805 /* RecommendedCollectionTableViewCell.swift in Sources */ = {isa = PBXBuildFile; fileRef = 1327EB7A2466A80300BA4805 /* RecommendedCollectionTableViewCell.swift */; };
		1327EB7D2466A8A900BA4805 /* RecommendedCollectionViewCell.swift in Sources */ = {isa = PBXBuildFile; fileRef = 1327EB7C2466A8A900BA4805 /* RecommendedCollectionViewCell.swift */; };
		1353F24F248E84EB00AA59F6 /* FacebookUser.swift in Sources */ = {isa = PBXBuildFile; fileRef = 1353F24E248E84EB00AA59F6 /* FacebookUser.swift */; };
		1353F251248E8D6E00AA59F6 /* AuthUser.swift in Sources */ = {isa = PBXBuildFile; fileRef = 1353F250248E8D6E00AA59F6 /* AuthUser.swift */; };
		13574E922493D0A600DC1DDF /* RPicker.swift in Sources */ = {isa = PBXBuildFile; fileRef = 13574E912493D0A500DC1DDF /* RPicker.swift */; };
		136EBD952466D91E00C27589 /* FollowersViewController.swift in Sources */ = {isa = PBXBuildFile; fileRef = 136EBD942466D91E00C27589 /* FollowersViewController.swift */; };
		136EBD9A24670A5F00C27589 /* MessageListViewController.swift in Sources */ = {isa = PBXBuildFile; fileRef = 136EBD9924670A5F00C27589 /* MessageListViewController.swift */; };
		136EBD9C246710D900C27589 /* MessageThread.swift in Sources */ = {isa = PBXBuildFile; fileRef = 136EBD9B246710D900C27589 /* MessageThread.swift */; };
		136EBD9E2467123000C27589 /* MessageTableViewCell.swift in Sources */ = {isa = PBXBuildFile; fileRef = 136EBD9D2467123000C27589 /* MessageTableViewCell.swift */; };
		136EBDA02468034400C27589 /* AddScheduleViewController.swift in Sources */ = {isa = PBXBuildFile; fileRef = 136EBD9F2468034400C27589 /* AddScheduleViewController.swift */; };
		136F3231245AC0BA006939ED /* BaseViewController.swift in Sources */ = {isa = PBXBuildFile; fileRef = 136F3230245AC0BA006939ED /* BaseViewController.swift */; };
		136F3258245B032F006939ED /* AccountTypeTableViewCell.swift in Sources */ = {isa = PBXBuildFile; fileRef = 136F3248245B032E006939ED /* AccountTypeTableViewCell.swift */; };
		136F3259245B032F006939ED /* OnboardingCollectionViewCell.swift in Sources */ = {isa = PBXBuildFile; fileRef = 136F3249245B032E006939ED /* OnboardingCollectionViewCell.swift */; };
		136F325A245B032F006939ED /* RegisterationTextTableViewCell.swift in Sources */ = {isa = PBXBuildFile; fileRef = 136F324A245B032E006939ED /* RegisterationTextTableViewCell.swift */; };
		136F325B245B032F006939ED /* RegisterationImageTableViewCell.swift in Sources */ = {isa = PBXBuildFile; fileRef = 136F324B245B032E006939ED /* RegisterationImageTableViewCell.swift */; };
		136F325C245B032F006939ED /* User.swift in Sources */ = {isa = PBXBuildFile; fileRef = 136F324D245B032E006939ED /* User.swift */; };
		136F325D245B032F006939ED /* Onboarding.swift in Sources */ = {isa = PBXBuildFile; fileRef = 136F324E245B032E006939ED /* Onboarding.swift */; };
		136F325E245B032F006939ED /* AccountType.swift in Sources */ = {isa = PBXBuildFile; fileRef = 136F324F245B032E006939ED /* AccountType.swift */; };
		136F325F245B032F006939ED /* Login.storyboard in Resources */ = {isa = PBXBuildFile; fileRef = 136F3250245B032E006939ED /* Login.storyboard */; };
		136F3260245B032F006939ED /* RegisterationViewController.swift in Sources */ = {isa = PBXBuildFile; fileRef = 136F3252245B032E006939ED /* RegisterationViewController.swift */; };
		136F3261245B032F006939ED /* AccountTypeViewController.swift in Sources */ = {isa = PBXBuildFile; fileRef = 136F3253245B032E006939ED /* AccountTypeViewController.swift */; };
		136F3262245B032F006939ED /* EnterMobileViewController.swift in Sources */ = {isa = PBXBuildFile; fileRef = 136F3254245B032E006939ED /* EnterMobileViewController.swift */; };
		136F3263245B032F006939ED /* OnboardingViewController.swift in Sources */ = {isa = PBXBuildFile; fileRef = 136F3255245B032E006939ED /* OnboardingViewController.swift */; };
		136F3264245B032F006939ED /* MobileVerificationViewController.swift in Sources */ = {isa = PBXBuildFile; fileRef = 136F3256245B032E006939ED /* MobileVerificationViewController.swift */; };
		136F3265245B032F006939ED /* LoginViewController.swift in Sources */ = {isa = PBXBuildFile; fileRef = 136F3257245B032E006939ED /* LoginViewController.swift */; };
		136F3268245B036B006939ED /* TabbarViewController.swift in Sources */ = {isa = PBXBuildFile; fileRef = 136F3267245B036B006939ED /* TabbarViewController.swift */; };
		136F326F245B0464006939ED /* Home.storyboard in Resources */ = {isa = PBXBuildFile; fileRef = 136F326E245B0464006939ED /* Home.storyboard */; };
		136F3271245B046E006939ED /* Messages.storyboard in Resources */ = {isa = PBXBuildFile; fileRef = 136F3270245B046E006939ED /* Messages.storyboard */; };
		136F3273245B047A006939ED /* Notification.storyboard in Resources */ = {isa = PBXBuildFile; fileRef = 136F3272245B047A006939ED /* Notification.storyboard */; };
		136F3275245B0485006939ED /* Profile.storyboard in Resources */ = {isa = PBXBuildFile; fileRef = 136F3274245B0485006939ED /* Profile.storyboard */; };
		136F3277245B0490006939ED /* WorkCheckIn.storyboard in Resources */ = {isa = PBXBuildFile; fileRef = 136F3276245B0490006939ED /* WorkCheckIn.storyboard */; };
		136F327C245B1012006939ED /* ProfileViewController.swift in Sources */ = {isa = PBXBuildFile; fileRef = 136F327B245B1012006939ED /* ProfileViewController.swift */; };
		136F327E245B13C6006939ED /* ProfileTableViewCell.swift in Sources */ = {isa = PBXBuildFile; fileRef = 136F327D245B13C6006939ED /* ProfileTableViewCell.swift */; };
		136F3282245B4195006939ED /* MyScheduleViewController.swift in Sources */ = {isa = PBXBuildFile; fileRef = 136F3281245B4195006939ED /* MyScheduleViewController.swift */; };
		136F3284245B4D42006939ED /* UIDate+Exts.swift in Sources */ = {isa = PBXBuildFile; fileRef = 136F3283245B4D42006939ED /* UIDate+Exts.swift */; };
		1378AA892459E75700131BEB /* AppDelegate.swift in Sources */ = {isa = PBXBuildFile; fileRef = 1378AA882459E75700131BEB /* AppDelegate.swift */; };
		1378AA8D2459E75700131BEB /* ViewController.swift in Sources */ = {isa = PBXBuildFile; fileRef = 1378AA8C2459E75700131BEB /* ViewController.swift */; };
		1378AA902459E75700131BEB /* Main.storyboard in Resources */ = {isa = PBXBuildFile; fileRef = 1378AA8E2459E75700131BEB /* Main.storyboard */; };
		1378AA922459E75A00131BEB /* Assets.xcassets in Resources */ = {isa = PBXBuildFile; fileRef = 1378AA912459E75A00131BEB /* Assets.xcassets */; };
		1378AA952459E75A00131BEB /* LaunchScreen.storyboard in Resources */ = {isa = PBXBuildFile; fileRef = 1378AA932459E75A00131BEB /* LaunchScreen.storyboard */; };
		1378AAAB2459F5EE00131BEB /* UIResponder+Exts.swift in Sources */ = {isa = PBXBuildFile; fileRef = 1378AAAA2459F5EE00131BEB /* UIResponder+Exts.swift */; };
		1378AAAD2459FFEC00131BEB /* UIColor+Exts.swift in Sources */ = {isa = PBXBuildFile; fileRef = 1378AAAC2459FFEC00131BEB /* UIColor+Exts.swift */; };
		137938C32468083800AB2C46 /* AddScheduleImageTableViewCell.swift in Sources */ = {isa = PBXBuildFile; fileRef = 137938C22468083800AB2C46 /* AddScheduleImageTableViewCell.swift */; };
		137938C52468114000AB2C46 /* AddScheduleDataTableViewCell.swift in Sources */ = {isa = PBXBuildFile; fileRef = 137938C42468114000AB2C46 /* AddScheduleDataTableViewCell.swift */; };
		137938C72468125200AB2C46 /* AddScheduleType.swift in Sources */ = {isa = PBXBuildFile; fileRef = 137938C62468125200AB2C46 /* AddScheduleType.swift */; };
		137938C924681FA600AB2C46 /* AddLocationViewController.swift in Sources */ = {isa = PBXBuildFile; fileRef = 137938C824681FA600AB2C46 /* AddLocationViewController.swift */; };
		137938CB2468213C00AB2C46 /* LocationManager.swift in Sources */ = {isa = PBXBuildFile; fileRef = 137938CA2468213B00AB2C46 /* LocationManager.swift */; };
		137938CD2468254D00AB2C46 /* AddLocationTableViewCell.swift in Sources */ = {isa = PBXBuildFile; fileRef = 137938CC2468254D00AB2C46 /* AddLocationTableViewCell.swift */; };
		137938D224682B2700AB2C46 /* ALChatManager.swift in Sources */ = {isa = PBXBuildFile; fileRef = 137938D024682B2700AB2C46 /* ALChatManager.swift */; };
		137BA477249BBC0F007EFE51 /* PublicProfileViewController.swift in Sources */ = {isa = PBXBuildFile; fileRef = 137BA476249BBC0E007EFE51 /* PublicProfileViewController.swift */; };
		13825512249BD71B004BF327 /* PublicProfileHeaderView.swift in Sources */ = {isa = PBXBuildFile; fileRef = 13825511249BD71B004BF327 /* PublicProfileHeaderView.swift */; };
		13825514249BD726004BF327 /* PublicProfileHeaderView.xib in Resources */ = {isa = PBXBuildFile; fileRef = 13825513249BD726004BF327 /* PublicProfileHeaderView.xib */; };
		13825516249BD921004BF327 /* UIView+Exts.swift in Sources */ = {isa = PBXBuildFile; fileRef = 13825515249BD921004BF327 /* UIView+Exts.swift */; };
		13825518249BDD6E004BF327 /* PublicProfileTableViewCell.swift in Sources */ = {isa = PBXBuildFile; fileRef = 13825517249BDD6E004BF327 /* PublicProfileTableViewCell.swift */; };
		1382551B249BDE27004BF327 /* ProfileService.swift in Sources */ = {isa = PBXBuildFile; fileRef = 1382551A249BDE27004BF327 /* ProfileService.swift */; };
		1382551D249BE026004BF327 /* PublicProfile.swift in Sources */ = {isa = PBXBuildFile; fileRef = 1382551C249BE026004BF327 /* PublicProfile.swift */; };
		1382551F249D13C4004BF327 /* UIScreen+Exts.swift in Sources */ = {isa = PBXBuildFile; fileRef = 1382551E249D13C4004BF327 /* UIScreen+Exts.swift */; };
		13825522249D2C96004BF327 /* IMessageInputBar.swift in Sources */ = {isa = PBXBuildFile; fileRef = 13825521249D2C96004BF327 /* IMessageInputBar.swift */; };
		13825524249E1B6E004BF327 /* SearchViewController.swift in Sources */ = {isa = PBXBuildFile; fileRef = 13825523249E1B6E004BF327 /* SearchViewController.swift */; };
		13825526249E708B004BF327 /* UpdateTaglineViewController.swift in Sources */ = {isa = PBXBuildFile; fileRef = 13825525249E708B004BF327 /* UpdateTaglineViewController.swift */; };
		1382B7A1248F9C6B0032BE49 /* ImageService.swift in Sources */ = {isa = PBXBuildFile; fileRef = 1382B7A0248F9C6B0032BE49 /* ImageService.swift */; };
		13B531B1248BF6E300C6C8FF /* NetworkConfig.swift in Sources */ = {isa = PBXBuildFile; fileRef = 13B531B0248BF6E300C6C8FF /* NetworkConfig.swift */; };
		13B531B3248BF8B800C6C8FF /* NetworkService.swift in Sources */ = {isa = PBXBuildFile; fileRef = 13B531B2248BF8B800C6C8FF /* NetworkService.swift */; };
		13B531B6248BFD8300C6C8FF /* LoginService.swift in Sources */ = {isa = PBXBuildFile; fileRef = 13B531B5248BFD8300C6C8FF /* LoginService.swift */; };
		13B531B8248BFDD500C6C8FF /* BaseModuleService.swift in Sources */ = {isa = PBXBuildFile; fileRef = 13B531B7248BFDD500C6C8FF /* BaseModuleService.swift */; };
		13B531BA248BFF0E00C6C8FF /* Validation.swift in Sources */ = {isa = PBXBuildFile; fileRef = 13B531B9248BFF0E00C6C8FF /* Validation.swift */; };
		13B531BD248C040000C6C8FF /* MessageView.swift in Sources */ = {isa = PBXBuildFile; fileRef = 13B531BC248C040000C6C8FF /* MessageView.swift */; };
		13B531BF248C1C7C00C6C8FF /* String+Exts.swift in Sources */ = {isa = PBXBuildFile; fileRef = 13B531BE248C1C7C00C6C8FF /* String+Exts.swift */; };
		13B531C1248C260B00C6C8FF /* BaseFacebookViewController.swift in Sources */ = {isa = PBXBuildFile; fileRef = 13B531C0248C260B00C6C8FF /* BaseFacebookViewController.swift */; };
		13BA4E212498E96B002AA103 /* UserService.swift in Sources */ = {isa = PBXBuildFile; fileRef = 13BA4E202498E96B002AA103 /* UserService.swift */; };
		13C3525D94BE24BBD94682BB /* Pods_Lavoro.framework in Frameworks */ = {isa = PBXBuildFile; fileRef = FD31EEAD4AE9165735295736 /* Pods_Lavoro.framework */; };
		13C54C052493F51600CE1AF6 /* UIImage+Exts.swift in Sources */ = {isa = PBXBuildFile; fileRef = 13C54C042493F51600CE1AF6 /* UIImage+Exts.swift */; };
		13C54C0E24953D8C00CE1AF6 /* HomeService.swift in Sources */ = {isa = PBXBuildFile; fileRef = 13C54C0D24953D8C00CE1AF6 /* HomeService.swift */; };
		13C54C102496168700CE1AF6 /* LoginChatUser.swift in Sources */ = {isa = PBXBuildFile; fileRef = 13C54C0F2496168700CE1AF6 /* LoginChatUser.swift */; };
		13C54C1A2496331500CE1AF6 /* Constants.swift in Sources */ = {isa = PBXBuildFile; fileRef = 13C54C192496331500CE1AF6 /* Constants.swift */; };
		13C54C1C2496423A00CE1AF6 /* IGAddStoryCell.swift in Sources */ = {isa = PBXBuildFile; fileRef = 13C54C1B2496423A00CE1AF6 /* IGAddStoryCell.swift */; };
		13D0579B245C7A6600227E15 /* HomeFeedsViewController.swift in Sources */ = {isa = PBXBuildFile; fileRef = 13D0579A245C7A6600227E15 /* HomeFeedsViewController.swift */; };
		13D0579F245C7B2D00227E15 /* Feed.swift in Sources */ = {isa = PBXBuildFile; fileRef = 13D0579E245C7B2D00227E15 /* Feed.swift */; };
		13D057A1245C7B4700227E15 /* CheckInFeedTableViewCell.swift in Sources */ = {isa = PBXBuildFile; fileRef = 13D057A0245C7B4700227E15 /* CheckInFeedTableViewCell.swift */; };
		13D057D3245C9DF800227E15 /* IGStoryPreviewCell.swift in Sources */ = {isa = PBXBuildFile; fileRef = 13D057A7245C9DF700227E15 /* IGStoryPreviewCell.swift */; };
		13D057D4245C9DF800227E15 /* UIView+Extension.swift in Sources */ = {isa = PBXBuildFile; fileRef = 13D057A9245C9DF700227E15 /* UIView+Extension.swift */; };
		13D057D5245C9DF800227E15 /* IGAdditions.swift in Sources */ = {isa = PBXBuildFile; fileRef = 13D057AA245C9DF700227E15 /* IGAdditions.swift */; };
		13D057D6245C9DF800227E15 /* Color+Additions.swift in Sources */ = {isa = PBXBuildFile; fileRef = 13D057AB245C9DF700227E15 /* Color+Additions.swift */; };
		13D057D7245C9DF800227E15 /* ImageView+Additions.swift in Sources */ = {isa = PBXBuildFile; fileRef = 13D057AC245C9DF700227E15 /* ImageView+Additions.swift */; };
		13D057D8245C9DF800227E15 /* IGSnapProgressView.swift in Sources */ = {isa = PBXBuildFile; fileRef = 13D057AE245C9DF700227E15 /* IGSnapProgressView.swift */; };
		13D057D9245C9DF800227E15 /* IGStoryPreviewHeaderView.swift in Sources */ = {isa = PBXBuildFile; fileRef = 13D057AF245C9DF700227E15 /* IGStoryPreviewHeaderView.swift */; };
		13D057DA245C9DF800227E15 /* IGStory.swift in Sources */ = {isa = PBXBuildFile; fileRef = 13D057B1245C9DF700227E15 /* IGStory.swift */; };
		13D057DB245C9DF800227E15 /* IGStories.swift in Sources */ = {isa = PBXBuildFile; fileRef = 13D057B2245C9DF700227E15 /* IGStories.swift */; };
		13D057DC245C9DF800227E15 /* IGSnap.swift in Sources */ = {isa = PBXBuildFile; fileRef = 13D057B3245C9DF700227E15 /* IGSnap.swift */; };
		13D057DD245C9DF800227E15 /* IGUser.swift in Sources */ = {isa = PBXBuildFile; fileRef = 13D057B4245C9DF700227E15 /* IGUser.swift */; };
		13D057DE245C9DF800227E15 /* UIImageView+Extension.swift in Sources */ = {isa = PBXBuildFile; fileRef = 13D057B6245C9DF700227E15 /* UIImageView+Extension.swift */; };
		13D057DF245C9DF800227E15 /* IGResult.swift in Sources */ = {isa = PBXBuildFile; fileRef = 13D057B7245C9DF700227E15 /* IGResult.swift */; };
		13D057E0245C9DF800227E15 /* IGRoundedView.swift in Sources */ = {isa = PBXBuildFile; fileRef = 13D057B8245C9DF700227E15 /* IGRoundedView.swift */; };
		13D057E1245C9DF800227E15 /* IGImageRequestable.swift in Sources */ = {isa = PBXBuildFile; fileRef = 13D057B9245C9DF700227E15 /* IGImageRequestable.swift */; };
		13D057E2245C9DF800227E15 /* IGError.swift in Sources */ = {isa = PBXBuildFile; fileRef = 13D057BA245C9DF700227E15 /* IGError.swift */; };
		13D057E3245C9DF800227E15 /* IGURLSession.swift in Sources */ = {isa = PBXBuildFile; fileRef = 13D057BB245C9DF700227E15 /* IGURLSession.swift */; };
		13D057E4245C9DF800227E15 /* IGCache.swift in Sources */ = {isa = PBXBuildFile; fileRef = 13D057BC245C9DF700227E15 /* IGCache.swift */; };
		13D057E5245C9DF800227E15 /* IGVideoCacheManager.swift in Sources */ = {isa = PBXBuildFile; fileRef = 13D057BE245C9DF700227E15 /* IGVideoCacheManager.swift */; };
		13D057E6245C9DF800227E15 /* IGPlayerView.swift in Sources */ = {isa = PBXBuildFile; fileRef = 13D057C0245C9DF700227E15 /* IGPlayerView.swift */; };
		13D057E7245C9DF800227E15 /* IGCommon.swift in Sources */ = {isa = PBXBuildFile; fileRef = 13D057C2245C9DF700227E15 /* IGCommon.swift */; };
		13D057E8245C9DF800227E15 /* IGConstants.swift in Sources */ = {isa = PBXBuildFile; fileRef = 13D057C3245C9DF700227E15 /* IGConstants.swift */; };
		13D057E9245C9DF800227E15 /* IGRetryButton.swift in Sources */ = {isa = PBXBuildFile; fileRef = 13D057C4245C9DF700227E15 /* IGRetryButton.swift */; };
		13D057EA245C9DF800227E15 /* IGStoryPreviewView.swift in Sources */ = {isa = PBXBuildFile; fileRef = 13D057C6245C9DF700227E15 /* IGStoryPreviewView.swift */; };
		13D057EB245C9DF800227E15 /* Reachability.swift in Sources */ = {isa = PBXBuildFile; fileRef = 13D057C9245C9DF700227E15 /* Reachability.swift */; };
		13D057EC245C9DF800227E15 /* LICENSE in Resources */ = {isa = PBXBuildFile; fileRef = 13D057CB245C9DF700227E15 /* LICENSE */; };
		13D057ED245C9DF800227E15 /* CubeAttributesAnimator.swift in Sources */ = {isa = PBXBuildFile; fileRef = 13D057CD245C9DF700227E15 /* CubeAttributesAnimator.swift */; };
		13D057EE245C9DF800227E15 /* AnimatedCollectionViewLayout.swift in Sources */ = {isa = PBXBuildFile; fileRef = 13D057CE245C9DF700227E15 /* AnimatedCollectionViewLayout.swift */; };
		13D057EF245C9DF800227E15 /* UIView+Anchor.swift in Sources */ = {isa = PBXBuildFile; fileRef = 13D057CF245C9DF700227E15 /* UIView+Anchor.swift */; };
		13D057F0245C9DF800227E15 /* LayoutAttributesAnimator.swift in Sources */ = {isa = PBXBuildFile; fileRef = 13D057D0245C9DF700227E15 /* LayoutAttributesAnimator.swift */; };
		13D057F1245C9DF800227E15 /* README.md in Resources */ = {isa = PBXBuildFile; fileRef = 13D057D1245C9DF700227E15 /* README.md */; };
		13D057F4245C9F6200227E15 /* stories.json in Resources */ = {isa = PBXBuildFile; fileRef = 13D057F3245C9F6100227E15 /* stories.json */; };
		13D057F6245C9FDC00227E15 /* IGStoryPreviewController.swift in Sources */ = {isa = PBXBuildFile; fileRef = 13D057F5245C9FDB00227E15 /* IGStoryPreviewController.swift */; };
		13D057F8245C9FFC00227E15 /* IGStoryPreviewModel.swift in Sources */ = {isa = PBXBuildFile; fileRef = 13D057F7245C9FFC00227E15 /* IGStoryPreviewModel.swift */; };
		13D057FA245CA03200227E15 /* IGAppUtility.swift in Sources */ = {isa = PBXBuildFile; fileRef = 13D057F9245CA03200227E15 /* IGAppUtility.swift */; };
		13D057FE245CA09B00227E15 /* IGStoryListCell.swift in Sources */ = {isa = PBXBuildFile; fileRef = 13D057FB245CA09B00227E15 /* IGStoryListCell.swift */; };
		13D05800245CA09B00227E15 /* IGHomeView.swift in Sources */ = {isa = PBXBuildFile; fileRef = 13D057FD245CA09B00227E15 /* IGHomeView.swift */; };
		13D05802245CA0B000227E15 /* IGHomeViewModel.swift in Sources */ = {isa = PBXBuildFile; fileRef = 13D05801245CA0B000227E15 /* IGHomeViewModel.swift */; };
		13D05807245CB14A00227E15 /* WorkCheckInViewController.swift in Sources */ = {isa = PBXBuildFile; fileRef = 13D05806245CB14900227E15 /* WorkCheckInViewController.swift */; };
		13D05809245D755B00227E15 /* BaseNavigationViewController.swift in Sources */ = {isa = PBXBuildFile; fileRef = 13D05808245D755B00227E15 /* BaseNavigationViewController.swift */; };
/* End PBXBuildFile section */

/* Begin PBXFileReference section */
		0E14D8A558B0D4E9EFCF519F /* Pods-Lavoro.release.xcconfig */ = {isa = PBXFileReference; includeInIndex = 1; lastKnownFileType = text.xcconfig; name = "Pods-Lavoro.release.xcconfig"; path = "Target Support Files/Pods-Lavoro/Pods-Lavoro.release.xcconfig"; sourceTree = "<group>"; };
		1317B81D2460963600AD9AC8 /* MyWorkLocationsViewController.swift */ = {isa = PBXFileReference; lastKnownFileType = sourcecode.swift; path = MyWorkLocationsViewController.swift; sourceTree = "<group>"; };
		1317B82124609D4700AD9AC8 /* WorkCategories.swift */ = {isa = PBXFileReference; lastKnownFileType = sourcecode.swift; path = WorkCategories.swift; sourceTree = "<group>"; };
		1317B82324609D6300AD9AC8 /* WorkLocation.swift */ = {isa = PBXFileReference; lastKnownFileType = sourcecode.swift; path = WorkLocation.swift; sourceTree = "<group>"; };
		1317B8252460A16B00AD9AC8 /* WorkCategoriesCollectionViewCell.swift */ = {isa = PBXFileReference; lastKnownFileType = sourcecode.swift; path = WorkCategoriesCollectionViewCell.swift; sourceTree = "<group>"; };
		1317B8272460A42400AD9AC8 /* WorkLocationTableViewCell.swift */ = {isa = PBXFileReference; lastKnownFileType = sourcecode.swift; path = WorkLocationTableViewCell.swift; sourceTree = "<group>"; };
		1317B82924630EFA00AD9AC8 /* WhoCanIFollowViewController.swift */ = {isa = PBXFileReference; lastKnownFileType = sourcecode.swift; path = WhoCanIFollowViewController.swift; sourceTree = "<group>"; };
		1317B82B2463132D00AD9AC8 /* FollowTableViewCell.swift */ = {isa = PBXFileReference; lastKnownFileType = sourcecode.swift; path = FollowTableViewCell.swift; sourceTree = "<group>"; };
		1317B82D2463142900AD9AC8 /* OtherUser.swift */ = {isa = PBXFileReference; lastKnownFileType = sourcecode.swift; path = OtherUser.swift; sourceTree = "<group>"; };
		1327EB782466A61900BA4805 /* UIButton+Exts.swift */ = {isa = PBXFileReference; lastKnownFileType = sourcecode.swift; path = "UIButton+Exts.swift"; sourceTree = "<group>"; };
		1327EB7A2466A80300BA4805 /* RecommendedCollectionTableViewCell.swift */ = {isa = PBXFileReference; lastKnownFileType = sourcecode.swift; path = RecommendedCollectionTableViewCell.swift; sourceTree = "<group>"; };
		1327EB7C2466A8A900BA4805 /* RecommendedCollectionViewCell.swift */ = {isa = PBXFileReference; lastKnownFileType = sourcecode.swift; path = RecommendedCollectionViewCell.swift; sourceTree = "<group>"; };
		1353F24E248E84EB00AA59F6 /* FacebookUser.swift */ = {isa = PBXFileReference; lastKnownFileType = sourcecode.swift; path = FacebookUser.swift; sourceTree = "<group>"; };
		1353F250248E8D6E00AA59F6 /* AuthUser.swift */ = {isa = PBXFileReference; lastKnownFileType = sourcecode.swift; path = AuthUser.swift; sourceTree = "<group>"; };
		13574E912493D0A500DC1DDF /* RPicker.swift */ = {isa = PBXFileReference; fileEncoding = 4; lastKnownFileType = sourcecode.swift; path = RPicker.swift; sourceTree = "<group>"; };
		136EBD942466D91E00C27589 /* FollowersViewController.swift */ = {isa = PBXFileReference; lastKnownFileType = sourcecode.swift; path = FollowersViewController.swift; sourceTree = "<group>"; };
		136EBD9924670A5F00C27589 /* MessageListViewController.swift */ = {isa = PBXFileReference; lastKnownFileType = sourcecode.swift; path = MessageListViewController.swift; sourceTree = "<group>"; };
		136EBD9B246710D900C27589 /* MessageThread.swift */ = {isa = PBXFileReference; lastKnownFileType = sourcecode.swift; path = MessageThread.swift; sourceTree = "<group>"; };
		136EBD9D2467123000C27589 /* MessageTableViewCell.swift */ = {isa = PBXFileReference; lastKnownFileType = sourcecode.swift; path = MessageTableViewCell.swift; sourceTree = "<group>"; };
		136EBD9F2468034400C27589 /* AddScheduleViewController.swift */ = {isa = PBXFileReference; lastKnownFileType = sourcecode.swift; path = AddScheduleViewController.swift; sourceTree = "<group>"; };
		136F3230245AC0BA006939ED /* BaseViewController.swift */ = {isa = PBXFileReference; lastKnownFileType = sourcecode.swift; path = BaseViewController.swift; sourceTree = "<group>"; };
		136F3248245B032E006939ED /* AccountTypeTableViewCell.swift */ = {isa = PBXFileReference; fileEncoding = 4; lastKnownFileType = sourcecode.swift; path = AccountTypeTableViewCell.swift; sourceTree = "<group>"; };
		136F3249245B032E006939ED /* OnboardingCollectionViewCell.swift */ = {isa = PBXFileReference; fileEncoding = 4; lastKnownFileType = sourcecode.swift; path = OnboardingCollectionViewCell.swift; sourceTree = "<group>"; };
		136F324A245B032E006939ED /* RegisterationTextTableViewCell.swift */ = {isa = PBXFileReference; fileEncoding = 4; lastKnownFileType = sourcecode.swift; path = RegisterationTextTableViewCell.swift; sourceTree = "<group>"; };
		136F324B245B032E006939ED /* RegisterationImageTableViewCell.swift */ = {isa = PBXFileReference; fileEncoding = 4; lastKnownFileType = sourcecode.swift; path = RegisterationImageTableViewCell.swift; sourceTree = "<group>"; };
		136F324D245B032E006939ED /* User.swift */ = {isa = PBXFileReference; fileEncoding = 4; lastKnownFileType = sourcecode.swift; path = User.swift; sourceTree = "<group>"; };
		136F324E245B032E006939ED /* Onboarding.swift */ = {isa = PBXFileReference; fileEncoding = 4; lastKnownFileType = sourcecode.swift; path = Onboarding.swift; sourceTree = "<group>"; };
		136F324F245B032E006939ED /* AccountType.swift */ = {isa = PBXFileReference; fileEncoding = 4; lastKnownFileType = sourcecode.swift; path = AccountType.swift; sourceTree = "<group>"; };
		136F3250245B032E006939ED /* Login.storyboard */ = {isa = PBXFileReference; fileEncoding = 4; lastKnownFileType = file.storyboard; path = Login.storyboard; sourceTree = "<group>"; };
		136F3252245B032E006939ED /* RegisterationViewController.swift */ = {isa = PBXFileReference; fileEncoding = 4; lastKnownFileType = sourcecode.swift; path = RegisterationViewController.swift; sourceTree = "<group>"; };
		136F3253245B032E006939ED /* AccountTypeViewController.swift */ = {isa = PBXFileReference; fileEncoding = 4; lastKnownFileType = sourcecode.swift; path = AccountTypeViewController.swift; sourceTree = "<group>"; };
		136F3254245B032E006939ED /* EnterMobileViewController.swift */ = {isa = PBXFileReference; fileEncoding = 4; lastKnownFileType = sourcecode.swift; path = EnterMobileViewController.swift; sourceTree = "<group>"; };
		136F3255245B032E006939ED /* OnboardingViewController.swift */ = {isa = PBXFileReference; fileEncoding = 4; lastKnownFileType = sourcecode.swift; path = OnboardingViewController.swift; sourceTree = "<group>"; };
		136F3256245B032E006939ED /* MobileVerificationViewController.swift */ = {isa = PBXFileReference; fileEncoding = 4; lastKnownFileType = sourcecode.swift; path = MobileVerificationViewController.swift; sourceTree = "<group>"; };
		136F3257245B032E006939ED /* LoginViewController.swift */ = {isa = PBXFileReference; fileEncoding = 4; lastKnownFileType = sourcecode.swift; path = LoginViewController.swift; sourceTree = "<group>"; };
		136F3267245B036B006939ED /* TabbarViewController.swift */ = {isa = PBXFileReference; lastKnownFileType = sourcecode.swift; path = TabbarViewController.swift; sourceTree = "<group>"; };
		136F326E245B0464006939ED /* Home.storyboard */ = {isa = PBXFileReference; lastKnownFileType = file.storyboard; path = Home.storyboard; sourceTree = "<group>"; };
		136F3270245B046E006939ED /* Messages.storyboard */ = {isa = PBXFileReference; lastKnownFileType = file.storyboard; path = Messages.storyboard; sourceTree = "<group>"; };
		136F3272245B047A006939ED /* Notification.storyboard */ = {isa = PBXFileReference; lastKnownFileType = file.storyboard; path = Notification.storyboard; sourceTree = "<group>"; };
		136F3274245B0485006939ED /* Profile.storyboard */ = {isa = PBXFileReference; lastKnownFileType = file.storyboard; path = Profile.storyboard; sourceTree = "<group>"; };
		136F3276245B0490006939ED /* WorkCheckIn.storyboard */ = {isa = PBXFileReference; lastKnownFileType = file.storyboard; path = WorkCheckIn.storyboard; sourceTree = "<group>"; };
		136F327B245B1012006939ED /* ProfileViewController.swift */ = {isa = PBXFileReference; lastKnownFileType = sourcecode.swift; path = ProfileViewController.swift; sourceTree = "<group>"; };
		136F327D245B13C6006939ED /* ProfileTableViewCell.swift */ = {isa = PBXFileReference; lastKnownFileType = sourcecode.swift; path = ProfileTableViewCell.swift; sourceTree = "<group>"; };
		136F3281245B4195006939ED /* MyScheduleViewController.swift */ = {isa = PBXFileReference; lastKnownFileType = sourcecode.swift; path = MyScheduleViewController.swift; sourceTree = "<group>"; };
		136F3283245B4D42006939ED /* UIDate+Exts.swift */ = {isa = PBXFileReference; lastKnownFileType = sourcecode.swift; path = "UIDate+Exts.swift"; sourceTree = "<group>"; };
		1378AA852459E75700131BEB /* Lavoro.app */ = {isa = PBXFileReference; explicitFileType = wrapper.application; includeInIndex = 0; path = Lavoro.app; sourceTree = BUILT_PRODUCTS_DIR; };
		1378AA882459E75700131BEB /* AppDelegate.swift */ = {isa = PBXFileReference; lastKnownFileType = sourcecode.swift; path = AppDelegate.swift; sourceTree = "<group>"; };
		1378AA8C2459E75700131BEB /* ViewController.swift */ = {isa = PBXFileReference; lastKnownFileType = sourcecode.swift; path = ViewController.swift; sourceTree = "<group>"; };
		1378AA8F2459E75700131BEB /* Base */ = {isa = PBXFileReference; lastKnownFileType = file.storyboard; name = Base; path = Base.lproj/Main.storyboard; sourceTree = "<group>"; };
		1378AA912459E75A00131BEB /* Assets.xcassets */ = {isa = PBXFileReference; lastKnownFileType = folder.assetcatalog; path = Assets.xcassets; sourceTree = "<group>"; };
		1378AA942459E75A00131BEB /* Base */ = {isa = PBXFileReference; lastKnownFileType = file.storyboard; name = Base; path = Base.lproj/LaunchScreen.storyboard; sourceTree = "<group>"; };
		1378AA962459E75A00131BEB /* Info.plist */ = {isa = PBXFileReference; lastKnownFileType = text.plist.xml; path = Info.plist; sourceTree = "<group>"; };
		1378AAAA2459F5EE00131BEB /* UIResponder+Exts.swift */ = {isa = PBXFileReference; fileEncoding = 4; lastKnownFileType = sourcecode.swift; path = "UIResponder+Exts.swift"; sourceTree = "<group>"; };
		1378AAAC2459FFEC00131BEB /* UIColor+Exts.swift */ = {isa = PBXFileReference; fileEncoding = 4; lastKnownFileType = sourcecode.swift; path = "UIColor+Exts.swift"; sourceTree = "<group>"; };
		137938C22468083800AB2C46 /* AddScheduleImageTableViewCell.swift */ = {isa = PBXFileReference; lastKnownFileType = sourcecode.swift; path = AddScheduleImageTableViewCell.swift; sourceTree = "<group>"; };
		137938C42468114000AB2C46 /* AddScheduleDataTableViewCell.swift */ = {isa = PBXFileReference; lastKnownFileType = sourcecode.swift; path = AddScheduleDataTableViewCell.swift; sourceTree = "<group>"; };
		137938C62468125200AB2C46 /* AddScheduleType.swift */ = {isa = PBXFileReference; lastKnownFileType = sourcecode.swift; path = AddScheduleType.swift; sourceTree = "<group>"; };
		137938C824681FA600AB2C46 /* AddLocationViewController.swift */ = {isa = PBXFileReference; lastKnownFileType = sourcecode.swift; path = AddLocationViewController.swift; sourceTree = "<group>"; };
		137938CA2468213B00AB2C46 /* LocationManager.swift */ = {isa = PBXFileReference; fileEncoding = 4; lastKnownFileType = sourcecode.swift; path = LocationManager.swift; sourceTree = "<group>"; };
		137938CC2468254D00AB2C46 /* AddLocationTableViewCell.swift */ = {isa = PBXFileReference; lastKnownFileType = sourcecode.swift; path = AddLocationTableViewCell.swift; sourceTree = "<group>"; };
		137938D024682B2700AB2C46 /* ALChatManager.swift */ = {isa = PBXFileReference; fileEncoding = 4; lastKnownFileType = sourcecode.swift; path = ALChatManager.swift; sourceTree = "<group>"; };
		137BA476249BBC0E007EFE51 /* PublicProfileViewController.swift */ = {isa = PBXFileReference; lastKnownFileType = sourcecode.swift; path = PublicProfileViewController.swift; sourceTree = "<group>"; };
		13825511249BD71B004BF327 /* PublicProfileHeaderView.swift */ = {isa = PBXFileReference; lastKnownFileType = sourcecode.swift; path = PublicProfileHeaderView.swift; sourceTree = "<group>"; };
		13825513249BD726004BF327 /* PublicProfileHeaderView.xib */ = {isa = PBXFileReference; lastKnownFileType = file.xib; path = PublicProfileHeaderView.xib; sourceTree = "<group>"; };
		13825515249BD921004BF327 /* UIView+Exts.swift */ = {isa = PBXFileReference; lastKnownFileType = sourcecode.swift; path = "UIView+Exts.swift"; sourceTree = "<group>"; };
		13825517249BDD6E004BF327 /* PublicProfileTableViewCell.swift */ = {isa = PBXFileReference; lastKnownFileType = sourcecode.swift; path = PublicProfileTableViewCell.swift; sourceTree = "<group>"; };
		1382551A249BDE27004BF327 /* ProfileService.swift */ = {isa = PBXFileReference; lastKnownFileType = sourcecode.swift; path = ProfileService.swift; sourceTree = "<group>"; };
		1382551C249BE026004BF327 /* PublicProfile.swift */ = {isa = PBXFileReference; lastKnownFileType = sourcecode.swift; path = PublicProfile.swift; sourceTree = "<group>"; };
		1382551E249D13C4004BF327 /* UIScreen+Exts.swift */ = {isa = PBXFileReference; lastKnownFileType = sourcecode.swift; path = "UIScreen+Exts.swift"; sourceTree = "<group>"; };
		13825521249D2C96004BF327 /* IMessageInputBar.swift */ = {isa = PBXFileReference; lastKnownFileType = sourcecode.swift; path = IMessageInputBar.swift; sourceTree = "<group>"; };
		13825523249E1B6E004BF327 /* SearchViewController.swift */ = {isa = PBXFileReference; lastKnownFileType = sourcecode.swift; path = SearchViewController.swift; sourceTree = "<group>"; };
		13825525249E708B004BF327 /* UpdateTaglineViewController.swift */ = {isa = PBXFileReference; lastKnownFileType = sourcecode.swift; path = UpdateTaglineViewController.swift; sourceTree = "<group>"; };
		1382B7A0248F9C6B0032BE49 /* ImageService.swift */ = {isa = PBXFileReference; lastKnownFileType = sourcecode.swift; path = ImageService.swift; sourceTree = "<group>"; };
		13B531B0248BF6E300C6C8FF /* NetworkConfig.swift */ = {isa = PBXFileReference; lastKnownFileType = sourcecode.swift; path = NetworkConfig.swift; sourceTree = "<group>"; };
		13B531B2248BF8B800C6C8FF /* NetworkService.swift */ = {isa = PBXFileReference; lastKnownFileType = sourcecode.swift; path = NetworkService.swift; sourceTree = "<group>"; };
		13B531B5248BFD8300C6C8FF /* LoginService.swift */ = {isa = PBXFileReference; lastKnownFileType = sourcecode.swift; path = LoginService.swift; sourceTree = "<group>"; };
		13B531B7248BFDD500C6C8FF /* BaseModuleService.swift */ = {isa = PBXFileReference; lastKnownFileType = sourcecode.swift; path = BaseModuleService.swift; sourceTree = "<group>"; };
		13B531B9248BFF0E00C6C8FF /* Validation.swift */ = {isa = PBXFileReference; lastKnownFileType = sourcecode.swift; path = Validation.swift; sourceTree = "<group>"; };
		13B531BC248C040000C6C8FF /* MessageView.swift */ = {isa = PBXFileReference; lastKnownFileType = sourcecode.swift; path = MessageView.swift; sourceTree = "<group>"; };
		13B531BE248C1C7C00C6C8FF /* String+Exts.swift */ = {isa = PBXFileReference; lastKnownFileType = sourcecode.swift; path = "String+Exts.swift"; sourceTree = "<group>"; };
		13B531C0248C260B00C6C8FF /* BaseFacebookViewController.swift */ = {isa = PBXFileReference; lastKnownFileType = sourcecode.swift; path = BaseFacebookViewController.swift; sourceTree = "<group>"; };
		13BA4E202498E96B002AA103 /* UserService.swift */ = {isa = PBXFileReference; lastKnownFileType = sourcecode.swift; path = UserService.swift; sourceTree = "<group>"; };
		13C54C042493F51600CE1AF6 /* UIImage+Exts.swift */ = {isa = PBXFileReference; lastKnownFileType = sourcecode.swift; path = "UIImage+Exts.swift"; sourceTree = "<group>"; };
		13C54C0D24953D8C00CE1AF6 /* HomeService.swift */ = {isa = PBXFileReference; fileEncoding = 4; lastKnownFileType = sourcecode.swift; path = HomeService.swift; sourceTree = "<group>"; };
		13C54C0F2496168700CE1AF6 /* LoginChatUser.swift */ = {isa = PBXFileReference; lastKnownFileType = sourcecode.swift; path = LoginChatUser.swift; sourceTree = "<group>"; };
		13C54C192496331500CE1AF6 /* Constants.swift */ = {isa = PBXFileReference; lastKnownFileType = sourcecode.swift; path = Constants.swift; sourceTree = "<group>"; };
		13C54C1B2496423A00CE1AF6 /* IGAddStoryCell.swift */ = {isa = PBXFileReference; fileEncoding = 4; lastKnownFileType = sourcecode.swift; path = IGAddStoryCell.swift; sourceTree = "<group>"; };
		13D0579A245C7A6600227E15 /* HomeFeedsViewController.swift */ = {isa = PBXFileReference; lastKnownFileType = sourcecode.swift; path = HomeFeedsViewController.swift; sourceTree = "<group>"; };
		13D0579E245C7B2D00227E15 /* Feed.swift */ = {isa = PBXFileReference; fileEncoding = 4; lastKnownFileType = sourcecode.swift; path = Feed.swift; sourceTree = "<group>"; };
		13D057A0245C7B4700227E15 /* CheckInFeedTableViewCell.swift */ = {isa = PBXFileReference; lastKnownFileType = sourcecode.swift; path = CheckInFeedTableViewCell.swift; sourceTree = "<group>"; };
		13D057A7245C9DF700227E15 /* IGStoryPreviewCell.swift */ = {isa = PBXFileReference; fileEncoding = 4; lastKnownFileType = sourcecode.swift; path = IGStoryPreviewCell.swift; sourceTree = "<group>"; };
		13D057A9245C9DF700227E15 /* UIView+Extension.swift */ = {isa = PBXFileReference; fileEncoding = 4; lastKnownFileType = sourcecode.swift; path = "UIView+Extension.swift"; sourceTree = "<group>"; };
		13D057AA245C9DF700227E15 /* IGAdditions.swift */ = {isa = PBXFileReference; fileEncoding = 4; lastKnownFileType = sourcecode.swift; path = IGAdditions.swift; sourceTree = "<group>"; };
		13D057AB245C9DF700227E15 /* Color+Additions.swift */ = {isa = PBXFileReference; fileEncoding = 4; lastKnownFileType = sourcecode.swift; path = "Color+Additions.swift"; sourceTree = "<group>"; };
		13D057AC245C9DF700227E15 /* ImageView+Additions.swift */ = {isa = PBXFileReference; fileEncoding = 4; lastKnownFileType = sourcecode.swift; path = "ImageView+Additions.swift"; sourceTree = "<group>"; };
		13D057AE245C9DF700227E15 /* IGSnapProgressView.swift */ = {isa = PBXFileReference; fileEncoding = 4; lastKnownFileType = sourcecode.swift; path = IGSnapProgressView.swift; sourceTree = "<group>"; };
		13D057AF245C9DF700227E15 /* IGStoryPreviewHeaderView.swift */ = {isa = PBXFileReference; fileEncoding = 4; lastKnownFileType = sourcecode.swift; path = IGStoryPreviewHeaderView.swift; sourceTree = "<group>"; };
		13D057B1245C9DF700227E15 /* IGStory.swift */ = {isa = PBXFileReference; fileEncoding = 4; lastKnownFileType = sourcecode.swift; path = IGStory.swift; sourceTree = "<group>"; };
		13D057B2245C9DF700227E15 /* IGStories.swift */ = {isa = PBXFileReference; fileEncoding = 4; lastKnownFileType = sourcecode.swift; path = IGStories.swift; sourceTree = "<group>"; };
		13D057B3245C9DF700227E15 /* IGSnap.swift */ = {isa = PBXFileReference; fileEncoding = 4; lastKnownFileType = sourcecode.swift; path = IGSnap.swift; sourceTree = "<group>"; };
		13D057B4245C9DF700227E15 /* IGUser.swift */ = {isa = PBXFileReference; fileEncoding = 4; lastKnownFileType = sourcecode.swift; path = IGUser.swift; sourceTree = "<group>"; };
		13D057B6245C9DF700227E15 /* UIImageView+Extension.swift */ = {isa = PBXFileReference; fileEncoding = 4; lastKnownFileType = sourcecode.swift; path = "UIImageView+Extension.swift"; sourceTree = "<group>"; };
		13D057B7245C9DF700227E15 /* IGResult.swift */ = {isa = PBXFileReference; fileEncoding = 4; lastKnownFileType = sourcecode.swift; path = IGResult.swift; sourceTree = "<group>"; };
		13D057B8245C9DF700227E15 /* IGRoundedView.swift */ = {isa = PBXFileReference; fileEncoding = 4; lastKnownFileType = sourcecode.swift; path = IGRoundedView.swift; sourceTree = "<group>"; };
		13D057B9245C9DF700227E15 /* IGImageRequestable.swift */ = {isa = PBXFileReference; fileEncoding = 4; lastKnownFileType = sourcecode.swift; path = IGImageRequestable.swift; sourceTree = "<group>"; };
		13D057BA245C9DF700227E15 /* IGError.swift */ = {isa = PBXFileReference; fileEncoding = 4; lastKnownFileType = sourcecode.swift; path = IGError.swift; sourceTree = "<group>"; };
		13D057BB245C9DF700227E15 /* IGURLSession.swift */ = {isa = PBXFileReference; fileEncoding = 4; lastKnownFileType = sourcecode.swift; path = IGURLSession.swift; sourceTree = "<group>"; };
		13D057BC245C9DF700227E15 /* IGCache.swift */ = {isa = PBXFileReference; fileEncoding = 4; lastKnownFileType = sourcecode.swift; path = IGCache.swift; sourceTree = "<group>"; };
		13D057BE245C9DF700227E15 /* IGVideoCacheManager.swift */ = {isa = PBXFileReference; fileEncoding = 4; lastKnownFileType = sourcecode.swift; path = IGVideoCacheManager.swift; sourceTree = "<group>"; };
		13D057C0245C9DF700227E15 /* IGPlayerView.swift */ = {isa = PBXFileReference; fileEncoding = 4; lastKnownFileType = sourcecode.swift; path = IGPlayerView.swift; sourceTree = "<group>"; };
		13D057C2245C9DF700227E15 /* IGCommon.swift */ = {isa = PBXFileReference; fileEncoding = 4; lastKnownFileType = sourcecode.swift; path = IGCommon.swift; sourceTree = "<group>"; };
		13D057C3245C9DF700227E15 /* IGConstants.swift */ = {isa = PBXFileReference; fileEncoding = 4; lastKnownFileType = sourcecode.swift; path = IGConstants.swift; sourceTree = "<group>"; };
		13D057C4245C9DF700227E15 /* IGRetryButton.swift */ = {isa = PBXFileReference; fileEncoding = 4; lastKnownFileType = sourcecode.swift; path = IGRetryButton.swift; sourceTree = "<group>"; };
		13D057C6245C9DF700227E15 /* IGStoryPreviewView.swift */ = {isa = PBXFileReference; fileEncoding = 4; lastKnownFileType = sourcecode.swift; path = IGStoryPreviewView.swift; sourceTree = "<group>"; };
		13D057C9245C9DF700227E15 /* Reachability.swift */ = {isa = PBXFileReference; fileEncoding = 4; lastKnownFileType = sourcecode.swift; path = Reachability.swift; sourceTree = "<group>"; };
		13D057CB245C9DF700227E15 /* LICENSE */ = {isa = PBXFileReference; fileEncoding = 4; lastKnownFileType = text; path = LICENSE; sourceTree = "<group>"; };
		13D057CD245C9DF700227E15 /* CubeAttributesAnimator.swift */ = {isa = PBXFileReference; fileEncoding = 4; lastKnownFileType = sourcecode.swift; path = CubeAttributesAnimator.swift; sourceTree = "<group>"; };
		13D057CE245C9DF700227E15 /* AnimatedCollectionViewLayout.swift */ = {isa = PBXFileReference; fileEncoding = 4; lastKnownFileType = sourcecode.swift; path = AnimatedCollectionViewLayout.swift; sourceTree = "<group>"; };
		13D057CF245C9DF700227E15 /* UIView+Anchor.swift */ = {isa = PBXFileReference; fileEncoding = 4; lastKnownFileType = sourcecode.swift; path = "UIView+Anchor.swift"; sourceTree = "<group>"; };
		13D057D0245C9DF700227E15 /* LayoutAttributesAnimator.swift */ = {isa = PBXFileReference; fileEncoding = 4; lastKnownFileType = sourcecode.swift; path = LayoutAttributesAnimator.swift; sourceTree = "<group>"; };
		13D057D1245C9DF700227E15 /* README.md */ = {isa = PBXFileReference; fileEncoding = 4; lastKnownFileType = net.daringfireball.markdown; path = README.md; sourceTree = "<group>"; };
		13D057F3245C9F6100227E15 /* stories.json */ = {isa = PBXFileReference; fileEncoding = 4; lastKnownFileType = text.json; path = stories.json; sourceTree = "<group>"; };
		13D057F5245C9FDB00227E15 /* IGStoryPreviewController.swift */ = {isa = PBXFileReference; fileEncoding = 4; lastKnownFileType = sourcecode.swift; path = IGStoryPreviewController.swift; sourceTree = "<group>"; };
		13D057F7245C9FFC00227E15 /* IGStoryPreviewModel.swift */ = {isa = PBXFileReference; fileEncoding = 4; lastKnownFileType = sourcecode.swift; path = IGStoryPreviewModel.swift; sourceTree = "<group>"; };
		13D057F9245CA03200227E15 /* IGAppUtility.swift */ = {isa = PBXFileReference; fileEncoding = 4; lastKnownFileType = sourcecode.swift; path = IGAppUtility.swift; sourceTree = "<group>"; };
		13D057FB245CA09B00227E15 /* IGStoryListCell.swift */ = {isa = PBXFileReference; fileEncoding = 4; lastKnownFileType = sourcecode.swift; path = IGStoryListCell.swift; sourceTree = "<group>"; };
		13D057FD245CA09B00227E15 /* IGHomeView.swift */ = {isa = PBXFileReference; fileEncoding = 4; lastKnownFileType = sourcecode.swift; path = IGHomeView.swift; sourceTree = "<group>"; };
		13D05801245CA0B000227E15 /* IGHomeViewModel.swift */ = {isa = PBXFileReference; fileEncoding = 4; lastKnownFileType = sourcecode.swift; path = IGHomeViewModel.swift; sourceTree = "<group>"; };
		13D05806245CB14900227E15 /* WorkCheckInViewController.swift */ = {isa = PBXFileReference; fileEncoding = 4; lastKnownFileType = sourcecode.swift; path = WorkCheckInViewController.swift; sourceTree = "<group>"; };
		13D05808245D755B00227E15 /* BaseNavigationViewController.swift */ = {isa = PBXFileReference; lastKnownFileType = sourcecode.swift; path = BaseNavigationViewController.swift; sourceTree = "<group>"; };
		628B0437F4A76385A5B384A6 /* Pods-Lavoro.debug.xcconfig */ = {isa = PBXFileReference; includeInIndex = 1; lastKnownFileType = text.xcconfig; name = "Pods-Lavoro.debug.xcconfig"; path = "Target Support Files/Pods-Lavoro/Pods-Lavoro.debug.xcconfig"; sourceTree = "<group>"; };
		FD31EEAD4AE9165735295736 /* Pods_Lavoro.framework */ = {isa = PBXFileReference; explicitFileType = wrapper.framework; includeInIndex = 0; path = Pods_Lavoro.framework; sourceTree = BUILT_PRODUCTS_DIR; };
/* End PBXFileReference section */

/* Begin PBXFrameworksBuildPhase section */
		1378AA822459E75700131BEB /* Frameworks */ = {
			isa = PBXFrameworksBuildPhase;
			buildActionMask = 2147483647;
			files = (
				13C3525D94BE24BBD94682BB /* Pods_Lavoro.framework in Frameworks */,
			);
			runOnlyForDeploymentPostprocessing = 0;
		};
/* End PBXFrameworksBuildPhase section */

/* Begin PBXGroup section */
		13574E902493D09500DC1DDF /* DateTimePicker */ = {
			isa = PBXGroup;
			children = (
				13574E912493D0A500DC1DDF /* RPicker.swift */,
			);
			path = DateTimePicker;
			sourceTree = "<group>";
		};
		136EBD9624670A5100C27589 /* Cells */ = {
			isa = PBXGroup;
			children = (
				136EBD9D2467123000C27589 /* MessageTableViewCell.swift */,
			);
			path = Cells;
			sourceTree = "<group>";
		};
		136EBD9724670A5100C27589 /* Model */ = {
			isa = PBXGroup;
			children = (
				136EBD9B246710D900C27589 /* MessageThread.swift */,
			);
			path = Model;
			sourceTree = "<group>";
		};
		136EBD9824670A5100C27589 /* ViewControllers */ = {
			isa = PBXGroup;
			children = (
				136EBD9924670A5F00C27589 /* MessageListViewController.swift */,
			);
			path = ViewControllers;
			sourceTree = "<group>";
		};
		136F3245245B032E006939ED /* Modules */ = {
			isa = PBXGroup;
			children = (
				13B531AF248BF6B400C6C8FF /* Network */,
				136F326C245B045B006939ED /* Home */,
				136F326B245B045B006939ED /* Messages */,
				136F326D245B045B006939ED /* Notification */,
				136F3269245B045A006939ED /* Profile */,
				136F326A245B045A006939ED /* WorkCheckIn */,
				136F3266245B033A006939ED /* TabbarModule */,
				136F3246245B032E006939ED /* LoginModule */,
			);
			path = Modules;
			sourceTree = "<group>";
		};
		136F3246245B032E006939ED /* LoginModule */ = {
			isa = PBXGroup;
			children = (
				13B531B4248BFBD600C6C8FF /* Services */,
				136F3247245B032E006939ED /* Cells */,
				136F324C245B032E006939ED /* Models */,
				136F3250245B032E006939ED /* Login.storyboard */,
				136F3251245B032E006939ED /* ViewControllers */,
			);
			path = LoginModule;
			sourceTree = "<group>";
		};
		136F3247245B032E006939ED /* Cells */ = {
			isa = PBXGroup;
			children = (
				136F3248245B032E006939ED /* AccountTypeTableViewCell.swift */,
				136F3249245B032E006939ED /* OnboardingCollectionViewCell.swift */,
				136F324A245B032E006939ED /* RegisterationTextTableViewCell.swift */,
				136F324B245B032E006939ED /* RegisterationImageTableViewCell.swift */,
			);
			path = Cells;
			sourceTree = "<group>";
		};
		136F324C245B032E006939ED /* Models */ = {
			isa = PBXGroup;
			children = (
				136F324D245B032E006939ED /* User.swift */,
				136F324E245B032E006939ED /* Onboarding.swift */,
				136F324F245B032E006939ED /* AccountType.swift */,
				1353F24E248E84EB00AA59F6 /* FacebookUser.swift */,
				1353F250248E8D6E00AA59F6 /* AuthUser.swift */,
			);
			path = Models;
			sourceTree = "<group>";
		};
		136F3251245B032E006939ED /* ViewControllers */ = {
			isa = PBXGroup;
			children = (
				136F3252245B032E006939ED /* RegisterationViewController.swift */,
				136F3253245B032E006939ED /* AccountTypeViewController.swift */,
				136F3254245B032E006939ED /* EnterMobileViewController.swift */,
				136F3255245B032E006939ED /* OnboardingViewController.swift */,
				136F3256245B032E006939ED /* MobileVerificationViewController.swift */,
				136F3257245B032E006939ED /* LoginViewController.swift */,
				13B531C0248C260B00C6C8FF /* BaseFacebookViewController.swift */,
			);
			path = ViewControllers;
			sourceTree = "<group>";
		};
		136F3266245B033A006939ED /* TabbarModule */ = {
			isa = PBXGroup;
			children = (
				136F3267245B036B006939ED /* TabbarViewController.swift */,
			);
			path = TabbarModule;
			sourceTree = "<group>";
		};
		136F3269245B045A006939ED /* Profile */ = {
			isa = PBXGroup;
			children = (
				13825520249D2C8B004BF327 /* Helper */,
				13825519249BDE1A004BF327 /* Service */,
				136F327A245B0AC7006939ED /* Cells */,
				136F3278245B0AC7006939ED /* Models */,
				136F3279245B0AC7006939ED /* ViewControllers */,
				136F3274245B0485006939ED /* Profile.storyboard */,
			);
			path = Profile;
			sourceTree = "<group>";
		};
		136F326A245B045A006939ED /* WorkCheckIn */ = {
			isa = PBXGroup;
			children = (
				13D05805245CB14900227E15 /* ViewControllers */,
				136F3276245B0490006939ED /* WorkCheckIn.storyboard */,
			);
			path = WorkCheckIn;
			sourceTree = "<group>";
		};
		136F326B245B045B006939ED /* Messages */ = {
			isa = PBXGroup;
			children = (
				136EBD9624670A5100C27589 /* Cells */,
				136EBD9724670A5100C27589 /* Model */,
				136EBD9824670A5100C27589 /* ViewControllers */,
				136F3270245B046E006939ED /* Messages.storyboard */,
			);
			path = Messages;
			sourceTree = "<group>";
		};
		136F326C245B045B006939ED /* Home */ = {
			isa = PBXGroup;
			children = (
				13C54C0C24953D6B00CE1AF6 /* Services */,
				13D05797245C7A4C00227E15 /* Cells */,
				13D05799245C7A4C00227E15 /* Models */,
				13D05798245C7A4C00227E15 /* ViewControllers */,
				136F326E245B0464006939ED /* Home.storyboard */,
			);
			path = Home;
			sourceTree = "<group>";
		};
		136F326D245B045B006939ED /* Notification */ = {
			isa = PBXGroup;
			children = (
				136F3272245B047A006939ED /* Notification.storyboard */,
			);
			path = Notification;
			sourceTree = "<group>";
		};
		136F3278245B0AC7006939ED /* Models */ = {
			isa = PBXGroup;
			children = (
				1317B82124609D4700AD9AC8 /* WorkCategories.swift */,
				1317B82324609D6300AD9AC8 /* WorkLocation.swift */,
				1317B82D2463142900AD9AC8 /* OtherUser.swift */,
				137938C62468125200AB2C46 /* AddScheduleType.swift */,
				1382551C249BE026004BF327 /* PublicProfile.swift */,
			);
			path = Models;
			sourceTree = "<group>";
		};
		136F3279245B0AC7006939ED /* ViewControllers */ = {
			isa = PBXGroup;
			children = (
				13825510249BD6FF004BF327 /* Header */,
				136F327B245B1012006939ED /* ProfileViewController.swift */,
				136F3281245B4195006939ED /* MyScheduleViewController.swift */,
				1317B81D2460963600AD9AC8 /* MyWorkLocationsViewController.swift */,
				1317B82924630EFA00AD9AC8 /* WhoCanIFollowViewController.swift */,
				136EBD942466D91E00C27589 /* FollowersViewController.swift */,
				136EBD9F2468034400C27589 /* AddScheduleViewController.swift */,
				137938C824681FA600AB2C46 /* AddLocationViewController.swift */,
				137BA476249BBC0E007EFE51 /* PublicProfileViewController.swift */,
				13825523249E1B6E004BF327 /* SearchViewController.swift */,
				13825525249E708B004BF327 /* UpdateTaglineViewController.swift */,
			);
			path = ViewControllers;
			sourceTree = "<group>";
		};
		136F327A245B0AC7006939ED /* Cells */ = {
			isa = PBXGroup;
			children = (
				136F327D245B13C6006939ED /* ProfileTableViewCell.swift */,
				1317B8252460A16B00AD9AC8 /* WorkCategoriesCollectionViewCell.swift */,
				1317B8272460A42400AD9AC8 /* WorkLocationTableViewCell.swift */,
				1317B82B2463132D00AD9AC8 /* FollowTableViewCell.swift */,
				1327EB7A2466A80300BA4805 /* RecommendedCollectionTableViewCell.swift */,
				1327EB7C2466A8A900BA4805 /* RecommendedCollectionViewCell.swift */,
				137938C22468083800AB2C46 /* AddScheduleImageTableViewCell.swift */,
				137938C42468114000AB2C46 /* AddScheduleDataTableViewCell.swift */,
				137938CC2468254D00AB2C46 /* AddLocationTableViewCell.swift */,
				13825517249BDD6E004BF327 /* PublicProfileTableViewCell.swift */,
			);
			path = Cells;
			sourceTree = "<group>";
		};
		1378AA7C2459E75700131BEB = {
			isa = PBXGroup;
			children = (
				1378AA872459E75700131BEB /* Lavoro */,
				1378AA862459E75700131BEB /* Products */,
				9CFFC5FFA7986660006D978B /* Pods */,
				BAED9A7AD74A17487A72D050 /* Frameworks */,
			);
			sourceTree = "<group>";
		};
		1378AA862459E75700131BEB /* Products */ = {
			isa = PBXGroup;
			children = (
				1378AA852459E75700131BEB /* Lavoro.app */,
			);
			name = Products;
			sourceTree = "<group>";
		};
		1378AA872459E75700131BEB /* Lavoro */ = {
			isa = PBXGroup;
			children = (
				13D057F2245C9F6100227E15 /* MockData */,
				13D057A2245C9DF700227E15 /* External */,
				136F3245245B032E006939ED /* Modules */,
				1378AAA92459F5EE00131BEB /* Helpers */,
				1378AA882459E75700131BEB /* AppDelegate.swift */,
				1378AA8C2459E75700131BEB /* ViewController.swift */,
				1378AA8E2459E75700131BEB /* Main.storyboard */,
				1378AA912459E75A00131BEB /* Assets.xcassets */,
				1378AA932459E75A00131BEB /* LaunchScreen.storyboard */,
				1378AA962459E75A00131BEB /* Info.plist */,
			);
			path = Lavoro;
			sourceTree = "<group>";
		};
		1378AAA92459F5EE00131BEB /* Helpers */ = {
			isa = PBXGroup;
			children = (
				137938CA2468213B00AB2C46 /* LocationManager.swift */,
				13D057F9245CA03200227E15 /* IGAppUtility.swift */,
				1378AAAA2459F5EE00131BEB /* UIResponder+Exts.swift */,
				1378AAAC2459FFEC00131BEB /* UIColor+Exts.swift */,
				136F3230245AC0BA006939ED /* BaseViewController.swift */,
				136F3283245B4D42006939ED /* UIDate+Exts.swift */,
				13D05808245D755B00227E15 /* BaseNavigationViewController.swift */,
				1327EB782466A61900BA4805 /* UIButton+Exts.swift */,
				13B531B9248BFF0E00C6C8FF /* Validation.swift */,
				13B531BC248C040000C6C8FF /* MessageView.swift */,
				13B531BE248C1C7C00C6C8FF /* String+Exts.swift */,
				13C54C042493F51600CE1AF6 /* UIImage+Exts.swift */,
				13C54C192496331500CE1AF6 /* Constants.swift */,
				13825515249BD921004BF327 /* UIView+Exts.swift */,
				1382551E249D13C4004BF327 /* UIScreen+Exts.swift */,
			);
			path = Helpers;
			sourceTree = "<group>";
		};
		137938CE24682B2700AB2C46 /* Applozic */ = {
			isa = PBXGroup;
			children = (
				137938D024682B2700AB2C46 /* ALChatManager.swift */,
				13C54C0F2496168700CE1AF6 /* LoginChatUser.swift */,
			);
			path = Applozic;
			sourceTree = "<group>";
		};
		13825510249BD6FF004BF327 /* Header */ = {
			isa = PBXGroup;
			children = (
				13825511249BD71B004BF327 /* PublicProfileHeaderView.swift */,
				13825513249BD726004BF327 /* PublicProfileHeaderView.xib */,
			);
			name = Header;
			path = Lavoro/Modules/Profile/Header;
			sourceTree = SOURCE_ROOT;
		};
		13825519249BDE1A004BF327 /* Service */ = {
			isa = PBXGroup;
			children = (
				1382551A249BDE27004BF327 /* ProfileService.swift */,
			);
			path = Service;
			sourceTree = "<group>";
		};
		13825520249D2C8B004BF327 /* Helper */ = {
			isa = PBXGroup;
			children = (
				13825521249D2C96004BF327 /* IMessageInputBar.swift */,
			);
			path = Helper;
			sourceTree = "<group>";
		};
		13B531AF248BF6B400C6C8FF /* Network */ = {
			isa = PBXGroup;
			children = (
				13B531B0248BF6E300C6C8FF /* NetworkConfig.swift */,
				13B531B2248BF8B800C6C8FF /* NetworkService.swift */,
				13B531B7248BFDD500C6C8FF /* BaseModuleService.swift */,
				1382B7A0248F9C6B0032BE49 /* ImageService.swift */,
				13BA4E202498E96B002AA103 /* UserService.swift */,
			);
			path = Network;
			sourceTree = "<group>";
		};
		13B531B4248BFBD600C6C8FF /* Services */ = {
			isa = PBXGroup;
			children = (
				13B531B5248BFD8300C6C8FF /* LoginService.swift */,
			);
			path = Services;
			sourceTree = "<group>";
		};
		13C54C0C24953D6B00CE1AF6 /* Services */ = {
			isa = PBXGroup;
			children = (
				13C54C0D24953D8C00CE1AF6 /* HomeService.swift */,
			);
			path = Services;
			sourceTree = "<group>";
		};
		13D05797245C7A4C00227E15 /* Cells */ = {
			isa = PBXGroup;
			children = (
				13D057FD245CA09B00227E15 /* IGHomeView.swift */,
				13D057FB245CA09B00227E15 /* IGStoryListCell.swift */,
				13D057A0245C7B4700227E15 /* CheckInFeedTableViewCell.swift */,
			);
			path = Cells;
			sourceTree = "<group>";
		};
		13D05798245C7A4C00227E15 /* ViewControllers */ = {
			isa = PBXGroup;
			children = (
				13D057F5245C9FDB00227E15 /* IGStoryPreviewController.swift */,
				13D0579A245C7A6600227E15 /* HomeFeedsViewController.swift */,
			);
			path = ViewControllers;
			sourceTree = "<group>";
		};
		13D05799245C7A4C00227E15 /* Models */ = {
			isa = PBXGroup;
			children = (
				13D05801245CA0B000227E15 /* IGHomeViewModel.swift */,
				13D057F7245C9FFC00227E15 /* IGStoryPreviewModel.swift */,
				13D0579E245C7B2D00227E15 /* Feed.swift */,
			);
			path = Models;
			sourceTree = "<group>";
		};
		13D057A2245C9DF700227E15 /* External */ = {
			isa = PBXGroup;
			children = (
				13574E902493D09500DC1DDF /* DateTimePicker */,
				137938CE24682B2700AB2C46 /* Applozic */,
				13D057A3245C9DF700227E15 /* Stories */,
			);
			path = External;
			sourceTree = "<group>";
		};
		13D057A3245C9DF700227E15 /* Stories */ = {
			isa = PBXGroup;
			children = (
				13D057A6245C9DF700227E15 /* CollectionViewCell */,
				13D057A8245C9DF700227E15 /* Extension */,
				13D057AD245C9DF700227E15 /* StoryHeaderView & ProgressView */,
				13D057B0245C9DF700227E15 /* Models */,
				13D057B5245C9DF700227E15 /* ImageStorer */,
				13D057BD245C9DF700227E15 /* Video Cache */,
				13D057BF245C9DF700227E15 /* IGPlayerView */,
				13D057C1245C9DF700227E15 /* Common */,
				13D057C5245C9DF700227E15 /* StoryPreviewView */,
				13D057C7245C9DF700227E15 /* External */,
			);
			path = Stories;
			sourceTree = "<group>";
		};
		13D057A6245C9DF700227E15 /* CollectionViewCell */ = {
			isa = PBXGroup;
			children = (
				13D057A7245C9DF700227E15 /* IGStoryPreviewCell.swift */,
			);
			path = CollectionViewCell;
			sourceTree = "<group>";
		};
		13D057A8245C9DF700227E15 /* Extension */ = {
			isa = PBXGroup;
			children = (
				13D057A9245C9DF700227E15 /* UIView+Extension.swift */,
				13D057AA245C9DF700227E15 /* IGAdditions.swift */,
				13D057AB245C9DF700227E15 /* Color+Additions.swift */,
				13D057AC245C9DF700227E15 /* ImageView+Additions.swift */,
			);
			path = Extension;
			sourceTree = "<group>";
		};
		13D057AD245C9DF700227E15 /* StoryHeaderView & ProgressView */ = {
			isa = PBXGroup;
			children = (
				13D057AE245C9DF700227E15 /* IGSnapProgressView.swift */,
				13D057AF245C9DF700227E15 /* IGStoryPreviewHeaderView.swift */,
			);
			path = "StoryHeaderView & ProgressView";
			sourceTree = "<group>";
		};
		13D057B0245C9DF700227E15 /* Models */ = {
			isa = PBXGroup;
			children = (
				13C54C1B2496423A00CE1AF6 /* IGAddStoryCell.swift */,
				13D057B1245C9DF700227E15 /* IGStory.swift */,
				13D057B2245C9DF700227E15 /* IGStories.swift */,
				13D057B3245C9DF700227E15 /* IGSnap.swift */,
				13D057B4245C9DF700227E15 /* IGUser.swift */,
			);
			path = Models;
			sourceTree = "<group>";
		};
		13D057B5245C9DF700227E15 /* ImageStorer */ = {
			isa = PBXGroup;
			children = (
				13D057B6245C9DF700227E15 /* UIImageView+Extension.swift */,
				13D057B7245C9DF700227E15 /* IGResult.swift */,
				13D057B8245C9DF700227E15 /* IGRoundedView.swift */,
				13D057B9245C9DF700227E15 /* IGImageRequestable.swift */,
				13D057BA245C9DF700227E15 /* IGError.swift */,
				13D057BB245C9DF700227E15 /* IGURLSession.swift */,
				13D057BC245C9DF700227E15 /* IGCache.swift */,
			);
			path = ImageStorer;
			sourceTree = "<group>";
		};
		13D057BD245C9DF700227E15 /* Video Cache */ = {
			isa = PBXGroup;
			children = (
				13D057BE245C9DF700227E15 /* IGVideoCacheManager.swift */,
			);
			path = "Video Cache";
			sourceTree = "<group>";
		};
		13D057BF245C9DF700227E15 /* IGPlayerView */ = {
			isa = PBXGroup;
			children = (
				13D057C0245C9DF700227E15 /* IGPlayerView.swift */,
			);
			path = IGPlayerView;
			sourceTree = "<group>";
		};
		13D057C1245C9DF700227E15 /* Common */ = {
			isa = PBXGroup;
			children = (
				13D057C2245C9DF700227E15 /* IGCommon.swift */,
				13D057C3245C9DF700227E15 /* IGConstants.swift */,
				13D057C4245C9DF700227E15 /* IGRetryButton.swift */,
			);
			path = Common;
			sourceTree = "<group>";
		};
		13D057C5245C9DF700227E15 /* StoryPreviewView */ = {
			isa = PBXGroup;
			children = (
				13D057C6245C9DF700227E15 /* IGStoryPreviewView.swift */,
			);
			path = StoryPreviewView;
			sourceTree = "<group>";
		};
		13D057C7245C9DF700227E15 /* External */ = {
			isa = PBXGroup;
			children = (
				13D057C8245C9DF700227E15 /* Reachability */,
				13D057CA245C9DF700227E15 /* AnimatedCollectionViewLayout */,
			);
			path = External;
			sourceTree = "<group>";
		};
		13D057C8245C9DF700227E15 /* Reachability */ = {
			isa = PBXGroup;
			children = (
				13D057C9245C9DF700227E15 /* Reachability.swift */,
			);
			path = Reachability;
			sourceTree = "<group>";
		};
		13D057CA245C9DF700227E15 /* AnimatedCollectionViewLayout */ = {
			isa = PBXGroup;
			children = (
				13D057CB245C9DF700227E15 /* LICENSE */,
				13D057CC245C9DF700227E15 /* Source */,
				13D057D1245C9DF700227E15 /* README.md */,
			);
			path = AnimatedCollectionViewLayout;
			sourceTree = "<group>";
		};
		13D057CC245C9DF700227E15 /* Source */ = {
			isa = PBXGroup;
			children = (
				13D057CD245C9DF700227E15 /* CubeAttributesAnimator.swift */,
				13D057CE245C9DF700227E15 /* AnimatedCollectionViewLayout.swift */,
				13D057CF245C9DF700227E15 /* UIView+Anchor.swift */,
				13D057D0245C9DF700227E15 /* LayoutAttributesAnimator.swift */,
			);
			path = Source;
			sourceTree = "<group>";
		};
		13D057F2245C9F6100227E15 /* MockData */ = {
			isa = PBXGroup;
			children = (
				13D057F3245C9F6100227E15 /* stories.json */,
			);
			path = MockData;
			sourceTree = "<group>";
		};
		13D05805245CB14900227E15 /* ViewControllers */ = {
			isa = PBXGroup;
			children = (
				13D05806245CB14900227E15 /* WorkCheckInViewController.swift */,
			);
			path = ViewControllers;
			sourceTree = "<group>";
		};
		9CFFC5FFA7986660006D978B /* Pods */ = {
			isa = PBXGroup;
			children = (
				628B0437F4A76385A5B384A6 /* Pods-Lavoro.debug.xcconfig */,
				0E14D8A558B0D4E9EFCF519F /* Pods-Lavoro.release.xcconfig */,
			);
			path = Pods;
			sourceTree = "<group>";
		};
		BAED9A7AD74A17487A72D050 /* Frameworks */ = {
			isa = PBXGroup;
			children = (
				FD31EEAD4AE9165735295736 /* Pods_Lavoro.framework */,
			);
			name = Frameworks;
			sourceTree = "<group>";
		};
/* End PBXGroup section */

/* Begin PBXNativeTarget section */
		1378AA842459E75700131BEB /* Lavoro */ = {
			isa = PBXNativeTarget;
			buildConfigurationList = 1378AA992459E75A00131BEB /* Build configuration list for PBXNativeTarget "Lavoro" */;
			buildPhases = (
				CEFC1091B1D65B752C668883 /* [CP] Check Pods Manifest.lock */,
				1378AA812459E75700131BEB /* Sources */,
				1378AA822459E75700131BEB /* Frameworks */,
				1378AA832459E75700131BEB /* Resources */,
				E896162DB923F802285BF269 /* [CP] Embed Pods Frameworks */,
			);
			buildRules = (
			);
			dependencies = (
			);
			name = Lavoro;
			productName = Lavoro;
			productReference = 1378AA852459E75700131BEB /* Lavoro.app */;
			productType = "com.apple.product-type.application";
		};
/* End PBXNativeTarget section */

/* Begin PBXProject section */
		1378AA7D2459E75700131BEB /* Project object */ = {
			isa = PBXProject;
			attributes = {
				LastSwiftUpdateCheck = 1140;
				LastUpgradeCheck = 1140;
				ORGANIZATIONNAME = Manish;
				TargetAttributes = {
					1378AA842459E75700131BEB = {
						CreatedOnToolsVersion = 11.4;
					};
				};
			};
			buildConfigurationList = 1378AA802459E75700131BEB /* Build configuration list for PBXProject "Lavoro" */;
			compatibilityVersion = "Xcode 9.3";
			developmentRegion = en;
			hasScannedForEncodings = 0;
			knownRegions = (
				en,
				Base,
			);
			mainGroup = 1378AA7C2459E75700131BEB;
			productRefGroup = 1378AA862459E75700131BEB /* Products */;
			projectDirPath = "";
			projectRoot = "";
			targets = (
				1378AA842459E75700131BEB /* Lavoro */,
			);
		};
/* End PBXProject section */

/* Begin PBXResourcesBuildPhase section */
		1378AA832459E75700131BEB /* Resources */ = {
			isa = PBXResourcesBuildPhase;
			buildActionMask = 2147483647;
			files = (
				136F3271245B046E006939ED /* Messages.storyboard in Resources */,
				136F325F245B032F006939ED /* Login.storyboard in Resources */,
				136F3275245B0485006939ED /* Profile.storyboard in Resources */,
				136F326F245B0464006939ED /* Home.storyboard in Resources */,
				13D057EC245C9DF800227E15 /* LICENSE in Resources */,
				13825514249BD726004BF327 /* PublicProfileHeaderView.xib in Resources */,
				1378AA952459E75A00131BEB /* LaunchScreen.storyboard in Resources */,
				136F3277245B0490006939ED /* WorkCheckIn.storyboard in Resources */,
				1378AA922459E75A00131BEB /* Assets.xcassets in Resources */,
				1378AA902459E75700131BEB /* Main.storyboard in Resources */,
				13D057F4245C9F6200227E15 /* stories.json in Resources */,
				13D057F1245C9DF800227E15 /* README.md in Resources */,
				136F3273245B047A006939ED /* Notification.storyboard in Resources */,
			);
			runOnlyForDeploymentPostprocessing = 0;
		};
/* End PBXResourcesBuildPhase section */

/* Begin PBXShellScriptBuildPhase section */
		CEFC1091B1D65B752C668883 /* [CP] Check Pods Manifest.lock */ = {
			isa = PBXShellScriptBuildPhase;
			buildActionMask = 2147483647;
			files = (
			);
			inputFileListPaths = (
			);
			inputPaths = (
				"${PODS_PODFILE_DIR_PATH}/Podfile.lock",
				"${PODS_ROOT}/Manifest.lock",
			);
			name = "[CP] Check Pods Manifest.lock";
			outputFileListPaths = (
			);
			outputPaths = (
				"$(DERIVED_FILE_DIR)/Pods-Lavoro-checkManifestLockResult.txt",
			);
			runOnlyForDeploymentPostprocessing = 0;
			shellPath = /bin/sh;
			shellScript = "diff \"${PODS_PODFILE_DIR_PATH}/Podfile.lock\" \"${PODS_ROOT}/Manifest.lock\" > /dev/null\nif [ $? != 0 ] ; then\n    # print error to STDERR\n    echo \"error: The sandbox is not in sync with the Podfile.lock. Run 'pod install' or update your CocoaPods installation.\" >&2\n    exit 1\nfi\n# This output is used by Xcode 'outputs' to avoid re-running this script phase.\necho \"SUCCESS\" > \"${SCRIPT_OUTPUT_FILE_0}\"\n";
			showEnvVarsInLog = 0;
		};
		E896162DB923F802285BF269 /* [CP] Embed Pods Frameworks */ = {
			isa = PBXShellScriptBuildPhase;
			buildActionMask = 2147483647;
			files = (
			);
			inputFileListPaths = (
				"${PODS_ROOT}/Target Support Files/Pods-Lavoro/Pods-Lavoro-frameworks-${CONFIGURATION}-input-files.xcfilelist",
			);
			name = "[CP] Embed Pods Frameworks";
			outputFileListPaths = (
				"${PODS_ROOT}/Target Support Files/Pods-Lavoro/Pods-Lavoro-frameworks-${CONFIGURATION}-output-files.xcfilelist",
			);
			runOnlyForDeploymentPostprocessing = 0;
			shellPath = /bin/sh;
			shellScript = "\"${PODS_ROOT}/Target Support Files/Pods-Lavoro/Pods-Lavoro-frameworks.sh\"\n";
			showEnvVarsInLog = 0;
		};
/* End PBXShellScriptBuildPhase section */

/* Begin PBXSourcesBuildPhase section */
		1378AA812459E75700131BEB /* Sources */ = {
			isa = PBXSourcesBuildPhase;
			buildActionMask = 2147483647;
			files = (
				136EBD9A24670A5F00C27589 /* MessageListViewController.swift in Sources */,
				136F3265245B032F006939ED /* LoginViewController.swift in Sources */,
				1317B82A24630EFA00AD9AC8 /* WhoCanIFollowViewController.swift in Sources */,
				137938C32468083800AB2C46 /* AddScheduleImageTableViewCell.swift in Sources */,
				13D057E6245C9DF800227E15 /* IGPlayerView.swift in Sources */,
				13D057E0245C9DF800227E15 /* IGRoundedView.swift in Sources */,
				1353F24F248E84EB00AA59F6 /* FacebookUser.swift in Sources */,
				136EBD9E2467123000C27589 /* MessageTableViewCell.swift in Sources */,
				13D057ED245C9DF800227E15 /* CubeAttributesAnimator.swift in Sources */,
				13D057D4245C9DF800227E15 /* UIView+Extension.swift in Sources */,
				13B531C1248C260B00C6C8FF /* BaseFacebookViewController.swift in Sources */,
				13D05800245CA09B00227E15 /* IGHomeView.swift in Sources */,
				136F3261245B032F006939ED /* AccountTypeViewController.swift in Sources */,
				13D057F8245C9FFC00227E15 /* IGStoryPreviewModel.swift in Sources */,
				13B531BF248C1C7C00C6C8FF /* String+Exts.swift in Sources */,
				1317B82224609D4700AD9AC8 /* WorkCategories.swift in Sources */,
				136F327C245B1012006939ED /* ProfileViewController.swift in Sources */,
				13C54C1C2496423A00CE1AF6 /* IGAddStoryCell.swift in Sources */,
				13D057EE245C9DF800227E15 /* AnimatedCollectionViewLayout.swift in Sources */,
				1378AA8D2459E75700131BEB /* ViewController.swift in Sources */,
				1378AA892459E75700131BEB /* AppDelegate.swift in Sources */,
				13C54C102496168700CE1AF6 /* LoginChatUser.swift in Sources */,
				1378AAAD2459FFEC00131BEB /* UIColor+Exts.swift in Sources */,
				13B531BD248C040000C6C8FF /* MessageView.swift in Sources */,
				13D057E4245C9DF800227E15 /* IGCache.swift in Sources */,
				13D057EA245C9DF800227E15 /* IGStoryPreviewView.swift in Sources */,
				13D0579F245C7B2D00227E15 /* Feed.swift in Sources */,
				13D057D9245C9DF800227E15 /* IGStoryPreviewHeaderView.swift in Sources */,
				137938CD2468254D00AB2C46 /* AddLocationTableViewCell.swift in Sources */,
				136F3258245B032F006939ED /* AccountTypeTableViewCell.swift in Sources */,
				13D0579B245C7A6600227E15 /* HomeFeedsViewController.swift in Sources */,
				13C54C052493F51600CE1AF6 /* UIImage+Exts.swift in Sources */,
				13D057F0245C9DF800227E15 /* LayoutAttributesAnimator.swift in Sources */,
				136F3282245B4195006939ED /* MyScheduleViewController.swift in Sources */,
				136F325B245B032F006939ED /* RegisterationImageTableViewCell.swift in Sources */,
				136EBD952466D91E00C27589 /* FollowersViewController.swift in Sources */,
				13825522249D2C96004BF327 /* IMessageInputBar.swift in Sources */,
				136F325D245B032F006939ED /* Onboarding.swift in Sources */,
				137938D224682B2700AB2C46 /* ALChatManager.swift in Sources */,
				136F3231245AC0BA006939ED /* BaseViewController.swift in Sources */,
				13D057E3245C9DF800227E15 /* IGURLSession.swift in Sources */,
				137938C924681FA600AB2C46 /* AddLocationViewController.swift in Sources */,
				13D057DE245C9DF800227E15 /* UIImageView+Extension.swift in Sources */,
				137938C52468114000AB2C46 /* AddScheduleDataTableViewCell.swift in Sources */,
				13825516249BD921004BF327 /* UIView+Exts.swift in Sources */,
				13D057E8245C9DF800227E15 /* IGConstants.swift in Sources */,
				13D057D8245C9DF800227E15 /* IGSnapProgressView.swift in Sources */,
				1317B82C2463132D00AD9AC8 /* FollowTableViewCell.swift in Sources */,
				136F3268245B036B006939ED /* TabbarViewController.swift in Sources */,
				13D05807245CB14A00227E15 /* WorkCheckInViewController.swift in Sources */,
				13D057FA245CA03200227E15 /* IGAppUtility.swift in Sources */,
				13D057D5245C9DF800227E15 /* IGAdditions.swift in Sources */,
				136F325E245B032F006939ED /* AccountType.swift in Sources */,
				1382551D249BE026004BF327 /* PublicProfile.swift in Sources */,
				136F3262245B032F006939ED /* EnterMobileViewController.swift in Sources */,
				13825512249BD71B004BF327 /* PublicProfileHeaderView.swift in Sources */,
				1327EB7B2466A80300BA4805 /* RecommendedCollectionTableViewCell.swift in Sources */,
				136F3259245B032F006939ED /* OnboardingCollectionViewCell.swift in Sources */,
				13D05809245D755B00227E15 /* BaseNavigationViewController.swift in Sources */,
				13D057DC245C9DF800227E15 /* IGSnap.swift in Sources */,
				13825524249E1B6E004BF327 /* SearchViewController.swift in Sources */,
				13BA4E212498E96B002AA103 /* UserService.swift in Sources */,
				1317B8282460A42400AD9AC8 /* WorkLocationTableViewCell.swift in Sources */,
				136F3284245B4D42006939ED /* UIDate+Exts.swift in Sources */,
				13D05802245CA0B000227E15 /* IGHomeViewModel.swift in Sources */,
				136EBDA02468034400C27589 /* AddScheduleViewController.swift in Sources */,
				13825526249E708B004BF327 /* UpdateTaglineViewController.swift in Sources */,
				13D057DF245C9DF800227E15 /* IGResult.swift in Sources */,
				13825518249BDD6E004BF327 /* PublicProfileTableViewCell.swift in Sources */,
				137938CB2468213C00AB2C46 /* LocationManager.swift in Sources */,
				13D057DA245C9DF800227E15 /* IGStory.swift in Sources */,
				13D057E1245C9DF800227E15 /* IGImageRequestable.swift in Sources */,
				1353F251248E8D6E00AA59F6 /* AuthUser.swift in Sources */,
				13D057DB245C9DF800227E15 /* IGStories.swift in Sources */,
				137BA477249BBC0F007EFE51 /* PublicProfileViewController.swift in Sources */,
				13B531BA248BFF0E00C6C8FF /* Validation.swift in Sources */,
				13D057D3245C9DF800227E15 /* IGStoryPreviewCell.swift in Sources */,
				13D057E9245C9DF800227E15 /* IGRetryButton.swift in Sources */,
				1382551F249D13C4004BF327 /* UIScreen+Exts.swift in Sources */,
				1317B82424609D6300AD9AC8 /* WorkLocation.swift in Sources */,
				13D057FE245CA09B00227E15 /* IGStoryListCell.swift in Sources */,
				13D057E5245C9DF800227E15 /* IGVideoCacheManager.swift in Sources */,
				13D057E7245C9DF800227E15 /* IGCommon.swift in Sources */,
				13D057EB245C9DF800227E15 /* Reachability.swift in Sources */,
				136F3263245B032F006939ED /* OnboardingViewController.swift in Sources */,
				13B531B6248BFD8300C6C8FF /* LoginService.swift in Sources */,
				136F327E245B13C6006939ED /* ProfileTableViewCell.swift in Sources */,
				13D057EF245C9DF800227E15 /* UIView+Anchor.swift in Sources */,
				13D057F6245C9FDC00227E15 /* IGStoryPreviewController.swift in Sources */,
				136F3264245B032F006939ED /* MobileVerificationViewController.swift in Sources */,
				13B531B8248BFDD500C6C8FF /* BaseModuleService.swift in Sources */,
				1327EB792466A61900BA4805 /* UIButton+Exts.swift in Sources */,
				13D057A1245C7B4700227E15 /* CheckInFeedTableViewCell.swift in Sources */,
				13D057E2245C9DF800227E15 /* IGError.swift in Sources */,
				13D057D6245C9DF800227E15 /* Color+Additions.swift in Sources */,
				13C54C0E24953D8C00CE1AF6 /* HomeService.swift in Sources */,
				1382B7A1248F9C6B0032BE49 /* ImageService.swift in Sources */,
				1378AAAB2459F5EE00131BEB /* UIResponder+Exts.swift in Sources */,
				1327EB7D2466A8A900BA4805 /* RecommendedCollectionViewCell.swift in Sources */,
				13B531B3248BF8B800C6C8FF /* NetworkService.swift in Sources */,
				1382551B249BDE27004BF327 /* ProfileService.swift in Sources */,
				13D057D7245C9DF800227E15 /* ImageView+Additions.swift in Sources */,
				13B531B1248BF6E300C6C8FF /* NetworkConfig.swift in Sources */,
				13D057DD245C9DF800227E15 /* IGUser.swift in Sources */,
				136EBD9C246710D900C27589 /* MessageThread.swift in Sources */,
				1317B81E2460963600AD9AC8 /* MyWorkLocationsViewController.swift in Sources */,
				137938C72468125200AB2C46 /* AddScheduleType.swift in Sources */,
				1317B82E2463142900AD9AC8 /* OtherUser.swift in Sources */,
				136F3260245B032F006939ED /* RegisterationViewController.swift in Sources */,
				13C54C1A2496331500CE1AF6 /* Constants.swift in Sources */,
				13574E922493D0A600DC1DDF /* RPicker.swift in Sources */,
				1317B8262460A16B00AD9AC8 /* WorkCategoriesCollectionViewCell.swift in Sources */,
				136F325C245B032F006939ED /* User.swift in Sources */,
				136F325A245B032F006939ED /* RegisterationTextTableViewCell.swift in Sources */,
			);
			runOnlyForDeploymentPostprocessing = 0;
		};
/* End PBXSourcesBuildPhase section */

/* Begin PBXVariantGroup section */
		1378AA8E2459E75700131BEB /* Main.storyboard */ = {
			isa = PBXVariantGroup;
			children = (
				1378AA8F2459E75700131BEB /* Base */,
			);
			name = Main.storyboard;
			sourceTree = "<group>";
		};
		1378AA932459E75A00131BEB /* LaunchScreen.storyboard */ = {
			isa = PBXVariantGroup;
			children = (
				1378AA942459E75A00131BEB /* Base */,
			);
			name = LaunchScreen.storyboard;
			sourceTree = "<group>";
		};
/* End PBXVariantGroup section */

/* Begin XCBuildConfiguration section */
		1378AA972459E75A00131BEB /* Debug */ = {
			isa = XCBuildConfiguration;
			buildSettings = {
				ALWAYS_SEARCH_USER_PATHS = NO;
				CLANG_ANALYZER_NONNULL = YES;
				CLANG_ANALYZER_NUMBER_OBJECT_CONVERSION = YES_AGGRESSIVE;
				CLANG_CXX_LANGUAGE_STANDARD = "gnu++14";
				CLANG_CXX_LIBRARY = "libc++";
				CLANG_ENABLE_MODULES = YES;
				CLANG_ENABLE_OBJC_ARC = YES;
				CLANG_ENABLE_OBJC_WEAK = YES;
				CLANG_WARN_BLOCK_CAPTURE_AUTORELEASING = YES;
				CLANG_WARN_BOOL_CONVERSION = YES;
				CLANG_WARN_COMMA = YES;
				CLANG_WARN_CONSTANT_CONVERSION = YES;
				CLANG_WARN_DEPRECATED_OBJC_IMPLEMENTATIONS = YES;
				CLANG_WARN_DIRECT_OBJC_ISA_USAGE = YES_ERROR;
				CLANG_WARN_DOCUMENTATION_COMMENTS = YES;
				CLANG_WARN_EMPTY_BODY = YES;
				CLANG_WARN_ENUM_CONVERSION = YES;
				CLANG_WARN_INFINITE_RECURSION = YES;
				CLANG_WARN_INT_CONVERSION = YES;
				CLANG_WARN_NON_LITERAL_NULL_CONVERSION = YES;
				CLANG_WARN_OBJC_IMPLICIT_RETAIN_SELF = YES;
				CLANG_WARN_OBJC_LITERAL_CONVERSION = YES;
				CLANG_WARN_OBJC_ROOT_CLASS = YES_ERROR;
				CLANG_WARN_RANGE_LOOP_ANALYSIS = YES;
				CLANG_WARN_STRICT_PROTOTYPES = YES;
				CLANG_WARN_SUSPICIOUS_MOVE = YES;
				CLANG_WARN_UNGUARDED_AVAILABILITY = YES_AGGRESSIVE;
				CLANG_WARN_UNREACHABLE_CODE = YES;
				CLANG_WARN__DUPLICATE_METHOD_MATCH = YES;
				COPY_PHASE_STRIP = NO;
				DEBUG_INFORMATION_FORMAT = dwarf;
				ENABLE_STRICT_OBJC_MSGSEND = YES;
				ENABLE_TESTABILITY = YES;
				GCC_C_LANGUAGE_STANDARD = gnu11;
				GCC_DYNAMIC_NO_PIC = NO;
				GCC_NO_COMMON_BLOCKS = YES;
				GCC_OPTIMIZATION_LEVEL = 0;
				GCC_PREPROCESSOR_DEFINITIONS = (
					"DEBUG=1",
					"$(inherited)",
				);
				GCC_WARN_64_TO_32_BIT_CONVERSION = YES;
				GCC_WARN_ABOUT_RETURN_TYPE = YES_ERROR;
				GCC_WARN_UNDECLARED_SELECTOR = YES;
				GCC_WARN_UNINITIALIZED_AUTOS = YES_AGGRESSIVE;
				GCC_WARN_UNUSED_FUNCTION = YES;
				GCC_WARN_UNUSED_VARIABLE = YES;
				IPHONEOS_DEPLOYMENT_TARGET = 13.0;
				MTL_ENABLE_DEBUG_INFO = INCLUDE_SOURCE;
				MTL_FAST_MATH = YES;
				ONLY_ACTIVE_ARCH = YES;
				SDKROOT = iphoneos;
				SWIFT_ACTIVE_COMPILATION_CONDITIONS = DEBUG;
				SWIFT_OPTIMIZATION_LEVEL = "-Onone";
			};
			name = Debug;
		};
		1378AA982459E75A00131BEB /* Release */ = {
			isa = XCBuildConfiguration;
			buildSettings = {
				ALWAYS_SEARCH_USER_PATHS = NO;
				CLANG_ANALYZER_NONNULL = YES;
				CLANG_ANALYZER_NUMBER_OBJECT_CONVERSION = YES_AGGRESSIVE;
				CLANG_CXX_LANGUAGE_STANDARD = "gnu++14";
				CLANG_CXX_LIBRARY = "libc++";
				CLANG_ENABLE_MODULES = YES;
				CLANG_ENABLE_OBJC_ARC = YES;
				CLANG_ENABLE_OBJC_WEAK = YES;
				CLANG_WARN_BLOCK_CAPTURE_AUTORELEASING = YES;
				CLANG_WARN_BOOL_CONVERSION = YES;
				CLANG_WARN_COMMA = YES;
				CLANG_WARN_CONSTANT_CONVERSION = YES;
				CLANG_WARN_DEPRECATED_OBJC_IMPLEMENTATIONS = YES;
				CLANG_WARN_DIRECT_OBJC_ISA_USAGE = YES_ERROR;
				CLANG_WARN_DOCUMENTATION_COMMENTS = YES;
				CLANG_WARN_EMPTY_BODY = YES;
				CLANG_WARN_ENUM_CONVERSION = YES;
				CLANG_WARN_INFINITE_RECURSION = YES;
				CLANG_WARN_INT_CONVERSION = YES;
				CLANG_WARN_NON_LITERAL_NULL_CONVERSION = YES;
				CLANG_WARN_OBJC_IMPLICIT_RETAIN_SELF = YES;
				CLANG_WARN_OBJC_LITERAL_CONVERSION = YES;
				CLANG_WARN_OBJC_ROOT_CLASS = YES_ERROR;
				CLANG_WARN_RANGE_LOOP_ANALYSIS = YES;
				CLANG_WARN_STRICT_PROTOTYPES = YES;
				CLANG_WARN_SUSPICIOUS_MOVE = YES;
				CLANG_WARN_UNGUARDED_AVAILABILITY = YES_AGGRESSIVE;
				CLANG_WARN_UNREACHABLE_CODE = YES;
				CLANG_WARN__DUPLICATE_METHOD_MATCH = YES;
				COPY_PHASE_STRIP = NO;
				DEBUG_INFORMATION_FORMAT = "dwarf-with-dsym";
				ENABLE_NS_ASSERTIONS = NO;
				ENABLE_STRICT_OBJC_MSGSEND = YES;
				GCC_C_LANGUAGE_STANDARD = gnu11;
				GCC_NO_COMMON_BLOCKS = YES;
				GCC_WARN_64_TO_32_BIT_CONVERSION = YES;
				GCC_WARN_ABOUT_RETURN_TYPE = YES_ERROR;
				GCC_WARN_UNDECLARED_SELECTOR = YES;
				GCC_WARN_UNINITIALIZED_AUTOS = YES_AGGRESSIVE;
				GCC_WARN_UNUSED_FUNCTION = YES;
				GCC_WARN_UNUSED_VARIABLE = YES;
				IPHONEOS_DEPLOYMENT_TARGET = 13.0;
				MTL_ENABLE_DEBUG_INFO = NO;
				MTL_FAST_MATH = YES;
				SDKROOT = iphoneos;
				SWIFT_COMPILATION_MODE = wholemodule;
				SWIFT_OPTIMIZATION_LEVEL = "-O";
				VALIDATE_PRODUCT = YES;
			};
			name = Release;
		};
		1378AA9A2459E75A00131BEB /* Debug */ = {
			isa = XCBuildConfiguration;
			baseConfigurationReference = 628B0437F4A76385A5B384A6 /* Pods-Lavoro.debug.xcconfig */;
			buildSettings = {
				ASSETCATALOG_COMPILER_APPICON_NAME = AppIcon;
				CODE_SIGN_IDENTITY = "Apple Development";
				CODE_SIGN_STYLE = Automatic;
				DEVELOPMENT_TEAM = 5RPX5Q4FN2;
				INFOPLIST_FILE = Lavoro/Info.plist;
				IPHONEOS_DEPLOYMENT_TARGET = 13.0;
				LD_RUNPATH_SEARCH_PATHS = (
					"$(inherited)",
					"@executable_path/Frameworks",
				);
				PRODUCT_BUNDLE_IDENTIFIER = com.openitemapp.accesscontrol;
				PRODUCT_NAME = "$(TARGET_NAME)";
				PROVISIONING_PROFILE_SPECIFIER = "";
				SWIFT_VERSION = 5.0;
				TARGETED_DEVICE_FAMILY = "1,2";
			};
			name = Debug;
		};
		1378AA9B2459E75A00131BEB /* Release */ = {
			isa = XCBuildConfiguration;
			baseConfigurationReference = 0E14D8A558B0D4E9EFCF519F /* Pods-Lavoro.release.xcconfig */;
			buildSettings = {
				ASSETCATALOG_COMPILER_APPICON_NAME = AppIcon;
				CODE_SIGN_IDENTITY = "Apple Development";
				CODE_SIGN_STYLE = Automatic;
				DEVELOPMENT_TEAM = 5RPX5Q4FN2;
				INFOPLIST_FILE = Lavoro/Info.plist;
				IPHONEOS_DEPLOYMENT_TARGET = 13.0;
				LD_RUNPATH_SEARCH_PATHS = (
					"$(inherited)",
					"@executable_path/Frameworks",
				);
				PRODUCT_BUNDLE_IDENTIFIER = com.openitemapp.accesscontrol;
				PRODUCT_NAME = "$(TARGET_NAME)";
				PROVISIONING_PROFILE_SPECIFIER = "";
				SWIFT_VERSION = 5.0;
				TARGETED_DEVICE_FAMILY = "1,2";
			};
			name = Release;
		};
/* End XCBuildConfiguration section */

/* Begin XCConfigurationList section */
		1378AA802459E75700131BEB /* Build configuration list for PBXProject "Lavoro" */ = {
			isa = XCConfigurationList;
			buildConfigurations = (
				1378AA972459E75A00131BEB /* Debug */,
				1378AA982459E75A00131BEB /* Release */,
			);
			defaultConfigurationIsVisible = 0;
			defaultConfigurationName = Release;
		};
		1378AA992459E75A00131BEB /* Build configuration list for PBXNativeTarget "Lavoro" */ = {
			isa = XCConfigurationList;
			buildConfigurations = (
				1378AA9A2459E75A00131BEB /* Debug */,
				1378AA9B2459E75A00131BEB /* Release */,
			);
			defaultConfigurationIsVisible = 0;
			defaultConfigurationName = Release;
		};
/* End XCConfigurationList section */
	};
	rootObject = 1378AA7D2459E75700131BEB /* Project object */;
}
